<?xml version="1.0" encoding="utf-8"?>
<Project ToolsVersion="4.0" xmlns="http://schemas.microsoft.com/developer/msbuild/2003">
  <ItemGroup>
    <Filter Include="00. System">
      <UniqueIdentifier>{e1a4a7e7-0e9f-42fe-9f81-81b5ee1ffdb9}</UniqueIdentifier>
    </Filter>
    <Filter Include="99. Defines">
      <UniqueIdentifier>{88b9b3b5-e099-467a-8613-258d0a1c69f2}</UniqueIdentifier>
    </Filter>
    <Filter Include="01. Utility">
      <UniqueIdentifier>{25ef4021-0b21-4a88-a958-dfe579ec8b95}</UniqueIdentifier>
    </Filter>
    <Filter Include="01. Utility\99. SuperClass">
      <UniqueIdentifier>{7e691994-838d-4672-bb56-4012f4266b11}</UniqueIdentifier>
    </Filter>
    <Filter Include="00. System\00. Graphic">
      <UniqueIdentifier>{041727b2-8455-404d-8a1a-52140d4aef17}</UniqueIdentifier>
    </Filter>
    <Filter Include="00. System\01. Timer">
      <UniqueIdentifier>{13f064f3-d833-4c57-b53e-df0ed722d653}</UniqueIdentifier>
    </Filter>
    <Filter Include="00. System\01. Timer\Manager">
      <UniqueIdentifier>{996409de-e929-4c83-b490-cd0cd403028e}</UniqueIdentifier>
    </Filter>
    <Filter Include="00. System\02. Level">
      <UniqueIdentifier>{dcf7b4e3-c558-480a-80ee-f298750e3fe3}</UniqueIdentifier>
    </Filter>
    <Filter Include="00. System\02. Level\00. Manager">
      <UniqueIdentifier>{6025d404-4201-4ead-8b24-fee07c44feb7}</UniqueIdentifier>
    </Filter>
    <Filter Include="00. System\03. Prototype">
      <UniqueIdentifier>{93643980-efe7-4012-b582-5a2d08b00e65}</UniqueIdentifier>
    </Filter>
    <Filter Include="00. System\04. GameObject">
      <UniqueIdentifier>{bbd43afd-cdb7-44e4-8fff-5f898a278c04}</UniqueIdentifier>
    </Filter>
    <Filter Include="00. System\04. GameObject\UIObject">
      <UniqueIdentifier>{450eabe0-c0cd-4b34-aae5-3bd2931f2f27}</UniqueIdentifier>
    </Filter>
    <Filter Include="00. System\04. GameObject\PartObject">
      <UniqueIdentifier>{44a98d61-3c91-4dee-9110-7058b9f2d4bb}</UniqueIdentifier>
    </Filter>
    <Filter Include="00. System\04. GameObject\ContainerObject">
      <UniqueIdentifier>{23688c91-75d1-4397-9f2c-02e808e3cc76}</UniqueIdentifier>
    </Filter>
    <Filter Include="00. System\04. GameObject\CameraMan">
      <UniqueIdentifier>{ac6029d7-3b02-43a8-ac1b-74c97dad208b}</UniqueIdentifier>
    </Filter>
    <Filter Include="00. System\04. GameObject\00. Manager">
      <UniqueIdentifier>{d5450abd-28c1-4d30-bd1b-58723ef00488}</UniqueIdentifier>
    </Filter>
    <Filter Include="00. System\05. Component">
      <UniqueIdentifier>{876c04e0-fbcb-4089-b9f9-7eefc5ca7794}</UniqueIdentifier>
    </Filter>
    <Filter Include="00. System\05. Component\Collider">
      <UniqueIdentifier>{b9649e4d-7b6b-4561-9435-1df01f7fad1a}</UniqueIdentifier>
    </Filter>
    <Filter Include="00. System\05. Component\VIBuffer">
      <UniqueIdentifier>{a662bcc7-52e5-4cdb-adf7-d647bb057f07}</UniqueIdentifier>
    </Filter>
    <Filter Include="00. System\05. Component\VIBuffer\Cube">
      <UniqueIdentifier>{f87aeace-53f8-4255-8c89-862761b39360}</UniqueIdentifier>
    </Filter>
    <Filter Include="00. System\05. Component\VIBuffer\Line">
      <UniqueIdentifier>{deadbdb9-e053-4322-93f4-f77f4683c3f4}</UniqueIdentifier>
    </Filter>
    <Filter Include="00. System\05. Component\VIBuffer\Particle">
      <UniqueIdentifier>{2c03acd7-604d-4a4e-afbd-b6f07d3a6fc5}</UniqueIdentifier>
    </Filter>
    <Filter Include="00. System\05. Component\VIBuffer\Rect">
      <UniqueIdentifier>{3cb7c85b-0847-4eac-92ce-ba5e98082e29}</UniqueIdentifier>
    </Filter>
    <Filter Include="00. System\05. Component\VIBuffer\Terrain">
      <UniqueIdentifier>{95bff11b-2c60-4985-9438-b832cd8f0a11}</UniqueIdentifier>
    </Filter>
    <Filter Include="00. System\05. Component\Transform">
      <UniqueIdentifier>{d63e6878-1faa-44bc-a21a-d729fb479a36}</UniqueIdentifier>
    </Filter>
    <Filter Include="00. System\05. Component\ActionState">
      <UniqueIdentifier>{dce8375a-fda5-43bd-ad71-632119053bab}</UniqueIdentifier>
    </Filter>
    <Filter Include="00. System\05. Component\Camera">
      <UniqueIdentifier>{913877ad-4482-47f2-984b-5ca27024a252}</UniqueIdentifier>
    </Filter>
    <Filter Include="00. System\05. Component\ControlContext">
      <UniqueIdentifier>{9728e07d-c1bb-4dd8-91b4-caef88b69091}</UniqueIdentifier>
    </Filter>
    <Filter Include="00. System\05. Component\Model">
      <UniqueIdentifier>{66bc8d17-09c0-490f-8178-99410835fcf5}</UniqueIdentifier>
    </Filter>
    <Filter Include="00. System\05. Component\Monobehaviour">
      <UniqueIdentifier>{a81a2fdb-22f4-4cd4-a03d-3fd3ca89f179}</UniqueIdentifier>
    </Filter>
    <Filter Include="00. System\05. Component\Navigation">
      <UniqueIdentifier>{ef789fc2-23f4-4386-a9c1-681169c17f20}</UniqueIdentifier>
    </Filter>
    <Filter Include="00. System\05. Component\Shader">
      <UniqueIdentifier>{0782ba43-3801-4717-8c63-1dcdaa37c170}</UniqueIdentifier>
    </Filter>
    <Filter Include="00. System\05. Component\Texture">
      <UniqueIdentifier>{a04aaaba-91c7-4e28-b2fc-829b7b887cd3}</UniqueIdentifier>
    </Filter>
    <Filter Include="00. System\07. Resource">
      <UniqueIdentifier>{ad500824-5109-42a9-a544-0bd204164807}</UniqueIdentifier>
    </Filter>
    <Filter Include="00. System\07. Resource\00. Manager">
      <UniqueIdentifier>{b26d5482-0ef5-4c7c-aa9f-62280f8229a4}</UniqueIdentifier>
    </Filter>
    <Filter Include="00. System\07. Resource\MaterialInstance">
      <UniqueIdentifier>{132daa72-c6a5-40d8-9761-df0b3c3dfb32}</UniqueIdentifier>
    </Filter>
    <Filter Include="00. System\07. Resource\ModelAnimation">
      <UniqueIdentifier>{f5d6bdd6-2dde-4f03-8684-1c1ea459c6dc}</UniqueIdentifier>
    </Filter>
    <Filter Include="00. System\07. Resource\TextureBase">
      <UniqueIdentifier>{820efff2-07b6-4bab-8c9d-4430c3811b48}</UniqueIdentifier>
    </Filter>
    <Filter Include="00. System\07. Resource\ModelAnimation\Channel">
      <UniqueIdentifier>{c516c5d9-cc9a-4118-88ac-acff48984557}</UniqueIdentifier>
    </Filter>
    <Filter Include="00. System\08. Render">
      <UniqueIdentifier>{a4357002-f47d-4cc3-9543-0b3195956d13}</UniqueIdentifier>
    </Filter>
    <Filter Include="00. System\09. RenderTarget">
      <UniqueIdentifier>{4962a0d0-dd3d-467d-bc04-e181742d32cb}</UniqueIdentifier>
    </Filter>
    <Filter Include="00. System\09. RenderTarget\Manager">
      <UniqueIdentifier>{3d21b387-5c71-436b-a287-7902827cad6b}</UniqueIdentifier>
    </Filter>
    <Filter Include="00. System\10. Sound">
      <UniqueIdentifier>{aa65eea9-3dd2-45bd-86a1-008c70187742}</UniqueIdentifier>
    </Filter>
    <Filter Include="01. Utility\00. GameInstance">
      <UniqueIdentifier>{5846df90-029b-4a32-96a6-8c450afd7d0b}</UniqueIdentifier>
    </Filter>
    <Filter Include="01. Utility\02. FileUtil">
      <UniqueIdentifier>{e546320e-bc8e-471a-88be-2309337ac196}</UniqueIdentifier>
    </Filter>
    <Filter Include="01. Utility\03. ModelLoader">
      <UniqueIdentifier>{ea5be52b-24b7-4a7a-83ab-0d991cf1e1f4}</UniqueIdentifier>
    </Filter>
    <Filter Include="01. Utility\04. Light">
      <UniqueIdentifier>{f2fef84c-abd1-4b69-a366-4bba4584f060}</UniqueIdentifier>
    </Filter>
    <Filter Include="01. Utility\04. Light\00. Manager">
      <UniqueIdentifier>{dde8bed4-ddea-4848-acee-1092bdde39d1}</UniqueIdentifier>
    </Filter>
    <Filter Include="00. System\04. GameObject\00. Manager\Layer">
      <UniqueIdentifier>{caa01e38-d9df-49b3-8511-f9a34f42ae55}</UniqueIdentifier>
    </Filter>
    <Filter Include="01. Utility\05. Event">
      <UniqueIdentifier>{ae1a3586-bd56-4849-9b9d-6e3f26f0d595}</UniqueIdentifier>
    </Filter>
    <Filter Include="01. Utility\06. EventBus">
      <UniqueIdentifier>{d71dc35a-83ce-480b-bed0-df12cb3a1f57}</UniqueIdentifier>
    </Filter>
    <Filter Include="01. Utility\06. EventBus\Delegate">
      <UniqueIdentifier>{246bcf2f-a370-43b2-831c-f169639a4ef9}</UniqueIdentifier>
    </Filter>
    <Filter Include="01. Utility\06. EventBus\MulticastDelegate">
      <UniqueIdentifier>{13885f8f-bfac-4a7c-bab0-70ae51fc539d}</UniqueIdentifier>
    </Filter>
    <Filter Include="01. Utility\07. Picking">
      <UniqueIdentifier>{3185862c-0f4c-47db-95e8-a4ccbc4b3022}</UniqueIdentifier>
    </Filter>
    <Filter Include="01. Utility\07. Picking\Ray">
      <UniqueIdentifier>{7b7c4f19-c07d-4151-9ed8-b04397d09d44}</UniqueIdentifier>
    </Filter>
    <Filter Include="01. Utility\08. GameData">
      <UniqueIdentifier>{9b14d904-98e2-479d-a4c3-fbc22239ef80}</UniqueIdentifier>
    </Filter>
    <Filter Include="00. System\05. Component\ActionState\StateBase">
      <UniqueIdentifier>{e113f5b1-2514-4508-ad02-8367330e4c18}</UniqueIdentifier>
    </Filter>
    <Filter Include="00. System\05. Component\Collider\Bounding">
      <UniqueIdentifier>{ff17fe85-9702-4241-b104-485cbbac2b46}</UniqueIdentifier>
    </Filter>
    <Filter Include="00. System\05. Component\Model\Bone">
      <UniqueIdentifier>{29d2531c-3b8c-488c-aa94-4cd4b3e2b01b}</UniqueIdentifier>
    </Filter>
    <Filter Include="00. System\07. Resource\Mesh">
      <UniqueIdentifier>{224d4b1c-9352-43aa-bec3-9bab62065af2}</UniqueIdentifier>
    </Filter>
    <Filter Include="00. System\07. Resource\Material">
      <UniqueIdentifier>{8545c4c6-ebd3-4677-a4e8-dc2e028163d8}</UniqueIdentifier>
    </Filter>
    <Filter Include="01. Utility\09. Collision">
      <UniqueIdentifier>{473c9ff6-dc35-44c3-ab4b-88b8cffdbb47}</UniqueIdentifier>
    </Filter>
    <Filter Include="01. Utility\10. DebugDraw">
      <UniqueIdentifier>{88f6fe56-807e-44fa-b7aa-9f1c004b7371}</UniqueIdentifier>
    </Filter>
    <Filter Include="01. Utility\12. Font">
      <UniqueIdentifier>{0e01db69-f148-4948-a598-6a1194c165ea}</UniqueIdentifier>
    </Filter>
    <Filter Include="01. Utility\12. Font\00. Manager">
      <UniqueIdentifier>{0ce420c3-77e2-4afd-b627-40f35e99e5ae}</UniqueIdentifier>
    </Filter>
    <Filter Include="01. Utility\98. Shaders">
      <UniqueIdentifier>{5762c1cf-3f52-4abc-936e-80bb5cade7e1}</UniqueIdentifier>
    </Filter>
    <Filter Include="01. Utility\13. Furstrum">
      <UniqueIdentifier>{98fdcb80-bbcf-4365-885e-b8e97ac69818}</UniqueIdentifier>
    </Filter>
    <Filter Include="00. System\06. Input">
      <UniqueIdentifier>{b2891e69-f90e-4f4e-a12b-d470ef2a80dc}</UniqueIdentifier>
    </Filter>
    <Filter Include="00. System\05. Component\Navigation\Cell">
      <UniqueIdentifier>{6a2ef602-5d09-4bd7-8f07-ffbf29c9c47a}</UniqueIdentifier>
    </Filter>
    <Filter Include="01. Utility\01. Converter">
      <UniqueIdentifier>{de244964-b3b1-491e-9ae5-5e4bf3e10d3e}</UniqueIdentifier>
    </Filter>
    <Filter Include="01. Utility\01. Converter\AsTypes">
      <UniqueIdentifier>{b1c19712-eb24-4c4c-8d60-4ceeb46a5a6a}</UniqueIdentifier>
    </Filter>
    <Filter Include="01. Utility\01. Converter\Importer">
      <UniqueIdentifier>{37761ac1-6734-4161-a171-8992c427c943}</UniqueIdentifier>
    </Filter>
    <Filter Include="99. Defines\pch">
      <UniqueIdentifier>{a6ae725c-6490-4f4c-933a-c288e34f125e}</UniqueIdentifier>
    </Filter>
    <Filter Include="00. System\11. ConstantBuffer">
      <UniqueIdentifier>{10db4137-a3f1-4c63-b692-88ce07aa8dc1}</UniqueIdentifier>
    </Filter>
    <Filter Include="00. System\04. GameObject\00. Manager\Pool">
      <UniqueIdentifier>{ded27517-c785-4541-afbd-9c3dacdacc77}</UniqueIdentifier>
    </Filter>
    <Filter Include="01. Utility\11. DataRepository">
      <UniqueIdentifier>{67bc0521-dc6e-49f1-a9da-6e4c700cae7a}</UniqueIdentifier>
    </Filter>
    <Filter Include="01. Utility\11. DataRepository\Datas">
      <UniqueIdentifier>{8b747a01-5706-452a-b736-ddf6afbc156c}</UniqueIdentifier>
    </Filter>
    <Filter Include="01. Utility\11. DataRepository\Datas\Map">
      <UniqueIdentifier>{15ba85be-f915-4766-a455-2018073c53c0}</UniqueIdentifier>
    </Filter>
    <Filter Include="01. Utility\11. DataRepository\Datas\Effect">
      <UniqueIdentifier>{a16905f1-353c-46e4-82b5-1c78e3f2787f}</UniqueIdentifier>
    </Filter>
    <Filter Include="01. Utility\11. DataRepository\Datas\UI">
      <UniqueIdentifier>{dc215b92-cabe-4630-ae6d-a6a3938907c1}</UniqueIdentifier>
    </Filter>
    <Filter Include="01. Utility\11. DataRepository\Datas\Animation">
      <UniqueIdentifier>{7684dca7-837f-4e42-8fb8-5ccd73547404}</UniqueIdentifier>
    </Filter>
    <Filter Include="01. Utility\11. DataRepository\DataStore">
      <UniqueIdentifier>{a828855c-2320-4ac5-8055-1e54f4a51ef2}</UniqueIdentifier>
    </Filter>
    <Filter Include="01. Utility\11. DataRepository\DataDocument">
      <UniqueIdentifier>{d92b3cc7-2127-4eae-b0bd-663796f94e36}</UniqueIdentifier>
    </Filter>
    <Filter Include="01. Utility\14. Builder">
      <UniqueIdentifier>{003cbb26-9bb1-45d8-973c-b3ea809374c0}</UniqueIdentifier>
    </Filter>
    <Filter Include="01. Utility\15. Json_Forward">
      <UniqueIdentifier>{4107a650-cbc3-44ad-a524-9e33f21f391e}</UniqueIdentifier>
    </Filter>
    <Filter Include="01. Utility\14. Builder\System">
      <UniqueIdentifier>{b06ceb4e-7762-491c-8da1-7e7412cfc8be}</UniqueIdentifier>
    </Filter>
    <Filter Include="01. Utility\11. DataRepository\Datas\UI\DataDocument_UI">
      <UniqueIdentifier>{e3481bba-63f5-47f4-be29-b3aaa0b87de7}</UniqueIdentifier>
    </Filter>
    <Filter Include="00. System\12. PhysX">
      <UniqueIdentifier>{b9e816a5-9979-4c4d-93be-57106c925e39}</UniqueIdentifier>
    </Filter>
    <Filter Include="00. System\12. PhysX\Actor">
      <UniqueIdentifier>{e712b0a3-163f-401f-84eb-73edbe64920d}</UniqueIdentifier>
    </Filter>
    <Filter Include="00. System\12. PhysX\Character">
      <UniqueIdentifier>{073bee4e-087d-4c7b-ac62-66b357f78b51}</UniqueIdentifier>
    </Filter>
    <Filter Include="00. System\12. PhysX\Geometry">
      <UniqueIdentifier>{fc77d74d-45ec-47fc-ba36-cb14bb49106f}</UniqueIdentifier>
    </Filter>
    <Filter Include="00. System\12. PhysX\Resource">
      <UniqueIdentifier>{ec51ab7c-3629-4b3e-87ff-173e9f73355c}</UniqueIdentifier>
    </Filter>
    <Filter Include="00. System\12. PhysX\Utils">
      <UniqueIdentifier>{15f5e6ba-c605-46fb-bc82-2b0ba4544d95}</UniqueIdentifier>
    </Filter>
    <Filter Include="00. System\05. Component\PhysicsRigidBody">
      <UniqueIdentifier>{e4299287-d639-442c-bcb3-5722ba115b2c}</UniqueIdentifier>
    </Filter>
    <Filter Include="00. System\05. Component\PhysicsCollider">
      <UniqueIdentifier>{b809626c-6e0f-4aa5-81fd-523bcdf1dc3a}</UniqueIdentifier>
    </Filter>
    <Filter Include="00. System\05. Component\PhysicsCCT">
      <UniqueIdentifier>{20045528-a719-46f9-8133-abf66bb4da37}</UniqueIdentifier>
    </Filter>
    <Filter Include="01. Utility\11. DataRepository\Datas\Map\DataStruct_Map">
      <UniqueIdentifier>{1e9392f0-97f4-4afb-8c29-c6afefc0eb48}</UniqueIdentifier>
    </Filter>
    <Filter Include="01. Utility\11. DataRepository\Datas\Map\DataDocument_Map">
      <UniqueIdentifier>{c9ad8f5d-b829-4469-9592-0ca458904b6b}</UniqueIdentifier>
    </Filter>
    <Filter Include="01. Utility\16. Console">
      <UniqueIdentifier>{aca0ce57-3fd8-4a3f-8270-2289e987fe91}</UniqueIdentifier>
    </Filter>
    <Filter Include="00. System\13. ThreadPool">
      <UniqueIdentifier>{04367fbb-7b98-4fac-a938-9cc777d2f7fd}</UniqueIdentifier>
    </Filter>
    <Filter Include="00. System\13. ThreadPool\Worker">
      <UniqueIdentifier>{fb94a932-18f1-4a22-92f7-cac192556caa}</UniqueIdentifier>
    </Filter>
    <Filter Include="00. System\07. Resource\Mesh\00. Mesh">
      <UniqueIdentifier>{bcd8e9eb-f733-4e77-97d2-c221570dab80}</UniqueIdentifier>
    </Filter>
    <Filter Include="00. System\07. Resource\Mesh\01. InstanceMesh">
      <UniqueIdentifier>{1b869a34-a400-4ee2-9d81-a39a890b6515}</UniqueIdentifier>
    </Filter>
    <Filter Include="00. System\13. StructuredBuffer">
      <UniqueIdentifier>{043d4a0e-860d-46aa-93fb-251f6c7ba102}</UniqueIdentifier>
    </Filter>
    <Filter Include="00. System\05. Component\Monobehaviour\ComputeShader">
      <UniqueIdentifier>{4feedbe9-5864-4dd4-800f-c296ed47108e}</UniqueIdentifier>
    </Filter>
    <Filter Include="01. Utility\17. ShaderAsset">
      <UniqueIdentifier>{779baf32-b44b-4193-8174-c44fb4e66b53}</UniqueIdentifier>
    </Filter>
    <Filter Include="01. Utility\17. ShaderAsset\Manager">
      <UniqueIdentifier>{1d5a15d2-b9e8-44c5-8397-f596f8c5189a}</UniqueIdentifier>
    </Filter>
    <Filter Include="00. System\12. PhysX\EventCallback">
      <UniqueIdentifier>{2ab0629b-6e4b-4ae3-9927-b4868c706bf2}</UniqueIdentifier>
    </Filter>
    <Filter Include="00. System\05. Component\PhysicsAttackOverlap">
      <UniqueIdentifier>{e6051635-bcb9-47b1-967c-a11e89a75828}</UniqueIdentifier>
    </Filter>
    <Filter Include="00. System\05. Component\PhysicsAttackOverlap\ActiveAttackOverlap">
      <UniqueIdentifier>{4d33d802-f923-4ecf-a8e4-2086a6c36141}</UniqueIdentifier>
    </Filter>
    <Filter Include="00. System\12. PhysX\EventCallback\SceneQuery">
      <UniqueIdentifier>{b1faa8b0-a688-43ec-a747-ba82ea06409a}</UniqueIdentifier>
    </Filter>
    <Filter Include="00. System\12. PhysX\EventCallback\Filter">
      <UniqueIdentifier>{b3ce137c-4c98-4b87-a3c3-15c7b8d189b7}</UniqueIdentifier>
    </Filter>
    <Filter Include="00. System\12. PhysX\EventCallback\HitReport">
      <UniqueIdentifier>{856de793-e16e-4bd4-a349-a625fb27b924}</UniqueIdentifier>
    </Filter>
    <Filter Include="01. Utility\11. DataRepository\Datas\AttackOverlap">
      <UniqueIdentifier>{68910013-d76c-4a58-a4d9-fca77a545cf5}</UniqueIdentifier>
    </Filter>
    <Filter Include="01. Utility\11. DataRepository\Datas\AttackOverlap\DataStruct_AttackOverlap">
      <UniqueIdentifier>{0ad5623d-227f-4624-b6f1-cc46be9de0b5}</UniqueIdentifier>
    </Filter>
    <Filter Include="01. Utility\11. DataRepository\Datas\AttackOverlap\DataDocument_AttackOverlap">
      <UniqueIdentifier>{ba016891-d2b6-4e37-b979-2e9525d75917}</UniqueIdentifier>
    </Filter>
    <Filter Include="00. System\05. Component\BoundComponent">
      <UniqueIdentifier>{64605b68-7467-472b-adf5-fb36564873e4}</UniqueIdentifier>
    </Filter>
    <Filter Include="01. Utility\18. Octree">
      <UniqueIdentifier>{020a9a6a-236d-4f19-8912-4b423daf9a79}</UniqueIdentifier>
    </Filter>
    <Filter Include="01. Utility\18. Octree\Manager">
      <UniqueIdentifier>{387a5e34-f34d-4735-97f9-f936bc8925d4}</UniqueIdentifier>
    </Filter>
    <Filter Include="01. Utility\11. DataRepository\Datas\Effect\EffectData">
      <UniqueIdentifier>{73fd7a11-a1b9-43ff-8081-6c8efaeb0451}</UniqueIdentifier>
    </Filter>
    <Filter Include="01. Utility\11. DataRepository\Datas\Effect\EffectData\DataDocument_Effect">
      <UniqueIdentifier>{7da61fa3-9b42-4c35-8768-abfd05e5d094}</UniqueIdentifier>
    </Filter>
    <Filter Include="01. Utility\11. DataRepository\Datas\Effect\EffectEventData">
      <UniqueIdentifier>{c6e4c3a4-d502-4769-b9a1-e0cf0337668a}</UniqueIdentifier>
    </Filter>
    <Filter Include="01. Utility\11. DataRepository\Datas\Effect\EffectData\DataStruct_Effect">
      <UniqueIdentifier>{f78ea9c2-8768-45fe-807f-b196a5f2f4c3}</UniqueIdentifier>
    </Filter>
    <Filter Include="01. Utility\11. DataRepository\Datas\Effect\EffectEventData\DataStruct_EffectEvent">
      <UniqueIdentifier>{6e132af6-eec6-40e9-9ffb-9f34e46115e7}</UniqueIdentifier>
    </Filter>
    <Filter Include="01. Utility\11. DataRepository\Datas\Effect\EffectEventData\DataDocument_EffectEvent">
      <UniqueIdentifier>{2c6f9726-c873-477c-9dab-800dafd4a313}</UniqueIdentifier>
    </Filter>
    <Filter Include="01. Utility\11. DataRepository\Datas\Example">
      <UniqueIdentifier>{b44dc512-194b-41b2-8ec2-055c839fb4b7}</UniqueIdentifier>
    </Filter>
    <Filter Include="01. Utility\11. DataRepository\Datas\Example\DataDocument_Example">
      <UniqueIdentifier>{47151a61-c828-43d0-b827-394936375c18}</UniqueIdentifier>
    </Filter>
    <Filter Include="00. System\05. Component\AnimEffectHandler">
      <UniqueIdentifier>{22e1bd33-7443-4456-8524-78faf8bd6c58}</UniqueIdentifier>
    </Filter>
    <Filter Include="00. System\14. Effect">
      <UniqueIdentifier>{c23244ad-e8e9-4cf2-a239-d294e4326c9d}</UniqueIdentifier>
    </Filter>
    <Filter Include="00. System\05. Component\Stat">
      <UniqueIdentifier>{8cd3b9ae-e121-4864-875b-ff81bd506e47}</UniqueIdentifier>
    </Filter>
    <Filter Include="00. System\05. Component\Skill">
      <UniqueIdentifier>{d682b013-a237-479c-b114-c77885becaf2}</UniqueIdentifier>
    </Filter>
    <Filter Include="00. System\05. Component\Skill\SkillBase">
      <UniqueIdentifier>{3efa9987-ce41-4c1f-bc22-da6da73c23a8}</UniqueIdentifier>
    </Filter>
    <Filter Include="00. System\14. Effect\EffectBase">
      <UniqueIdentifier>{e059ea9b-341c-4c3a-9937-f5c33ad7e760}</UniqueIdentifier>
    </Filter>
    <Filter Include="01. Utility\08. GameData\00. Struct">
      <UniqueIdentifier>{bb8f41bb-a3ed-4948-8171-6eb23fc3d412}</UniqueIdentifier>
    </Filter>
    <Filter Include="00. System\14. Effect\EffectPartBase">
      <UniqueIdentifier>{b54362af-3c3c-4ef8-b936-50be51d9ef97}</UniqueIdentifier>
    </Filter>
    <Filter Include="01. Utility\11. DataRepository\Datas\MonsterState">
      <UniqueIdentifier>{3b62d917-8222-4e40-a889-eaa00ed6c2c2}</UniqueIdentifier>
    </Filter>
    <Filter Include="01. Utility\11. DataRepository\Datas\MonsterState\DataStruct_MonsterState">
      <UniqueIdentifier>{10791b6a-e65a-4592-974c-f0af2740d161}</UniqueIdentifier>
    </Filter>
    <Filter Include="01. Utility\11. DataRepository\Datas\MonsterState\DataDocument_MonsterState">
      <UniqueIdentifier>{ad7a96f7-3443-49e6-adee-bcafcd800dfd}</UniqueIdentifier>
    </Filter>
    <Filter Include="01. Utility\11. DataRepository\Datas\MonsterState\DataModel">
      <UniqueIdentifier>{8653909c-26cd-48fd-b091-a9d17e600ea7}</UniqueIdentifier>
    </Filter>
    <Filter Include="01. Utility\11. DataRepository\Datas\AnimationEvent">
      <UniqueIdentifier>{245fc36c-2432-4f62-883c-f0e85fb8fd90}</UniqueIdentifier>
    </Filter>
    <Filter Include="01. Utility\11. DataRepository\Datas\AnimationEvent\DataModel">
      <UniqueIdentifier>{220df8df-8a4b-4866-92a3-c09af97a203d}</UniqueIdentifier>
    </Filter>
    <Filter Include="01. Utility\11. DataRepository\Datas\AttackOverlap\DataModel">
      <UniqueIdentifier>{bfe3ade1-8530-4886-9b5d-2cf2f22983d4}</UniqueIdentifier>
    </Filter>
    <Filter Include="00. System\15. Judgement">
      <UniqueIdentifier>{3f980915-24ba-4ab0-b30b-a79f025183ae}</UniqueIdentifier>
    </Filter>
    <Filter Include="01. Utility\11. DataRepository\Datas\AttackPreset">
      <UniqueIdentifier>{d6e35d79-2fbf-47e2-bb9e-d5ab67cb00f9}</UniqueIdentifier>
    </Filter>
    <Filter Include="01. Utility\11. DataRepository\Datas\AttackPreset\DataDocument_AttackPreset">
      <UniqueIdentifier>{85cf6d40-deb2-428d-9610-70b0ec0f33da}</UniqueIdentifier>
    </Filter>
    <Filter Include="01. Utility\11. DataRepository\Datas\AttackPreset\DataStruct_AttackPreset">
      <UniqueIdentifier>{d6fec504-8bdd-43dd-992f-d55bbb4fd9b4}</UniqueIdentifier>
    </Filter>
    <Filter Include="00. System\05. Component\GimmikController">
      <UniqueIdentifier>{faa8bbf7-f518-4ecb-8872-994c4c5778c3}</UniqueIdentifier>
    </Filter>
    <Filter Include="00. System\04. GameObject\SkillObject_Base">
      <UniqueIdentifier>{9ae53c38-bb95-4a13-93a5-a07fb8b2799c}</UniqueIdentifier>
    </Filter>
    <Filter Include="00. System\04. GameObject\SkillObjectSpawner">
      <UniqueIdentifier>{e46430a0-8477-4162-8de5-07fda1abbbf8}</UniqueIdentifier>
    </Filter>
  </ItemGroup>
  <ItemGroup>
    <ClCompile Include="..\Private\Timer.cpp">
      <Filter>00. System\01. Timer</Filter>
    </ClCompile>
    <ClCompile Include="..\Private\Timer_Manager.cpp">
      <Filter>00. System\01. Timer\Manager</Filter>
    </ClCompile>
    <ClCompile Include="..\Private\Base.cpp">
      <Filter>01. Utility\99. SuperClass</Filter>
    </ClCompile>
    <ClCompile Include="..\Private\Engine_Utils.cpp">
      <Filter>99. Defines</Filter>
    </ClCompile>
    <ClCompile Include="..\Private\Input_Manager.cpp">
      <Filter>00. System\06. Input</Filter>
    </ClCompile>
    <ClCompile Include="..\Private\Sound_Manager.cpp">
      <Filter>00. System\10. Sound</Filter>
    </ClCompile>
    <ClCompile Include="..\Private\EventBus_Manager.cpp">
      <Filter>01. Utility\06. EventBus</Filter>
    </ClCompile>
    <ClCompile Include="..\Private\Event_Manager.cpp">
      <Filter>01. Utility\05. Event</Filter>
    </ClCompile>
    <ClCompile Include="..\Private\Delegate.cpp">
      <Filter>01. Utility\06. EventBus\Delegate</Filter>
    </ClCompile>
    <ClCompile Include="..\Private\MulticastDelegate.cpp">
      <Filter>01. Utility\06. EventBus\MulticastDelegate</Filter>
    </ClCompile>
    <ClCompile Include="..\Private\RenderTarget.cpp">
      <Filter>00. System\09. RenderTarget</Filter>
    </ClCompile>
    <ClCompile Include="..\Private\RenderTarget_Manager.cpp">
      <Filter>00. System\09. RenderTarget\Manager</Filter>
    </ClCompile>
    <ClCompile Include="..\Private\Graphic_Device.cpp">
      <Filter>00. System\00. Graphic</Filter>
    </ClCompile>
    <ClCompile Include="..\Private\Bounding.cpp">
      <Filter>00. System\05. Component\Collider\Bounding</Filter>
    </ClCompile>
    <ClCompile Include="..\Private\Bounding_AABB.cpp">
      <Filter>00. System\05. Component\Collider\Bounding</Filter>
    </ClCompile>
    <ClCompile Include="..\Private\Bounding_OBB.cpp">
      <Filter>00. System\05. Component\Collider\Bounding</Filter>
    </ClCompile>
    <ClCompile Include="..\Private\Bounding_Sphere.cpp">
      <Filter>00. System\05. Component\Collider\Bounding</Filter>
    </ClCompile>
    <ClCompile Include="..\Private\Collider.cpp">
      <Filter>00. System\05. Component\Collider</Filter>
    </ClCompile>
    <ClCompile Include="..\Private\VIBuffer.cpp">
      <Filter>00. System\05. Component\VIBuffer</Filter>
    </ClCompile>
    <ClCompile Include="..\Private\VIBuffer_Cube_Color.cpp">
      <Filter>00. System\05. Component\VIBuffer\Cube</Filter>
    </ClCompile>
    <ClCompile Include="..\Private\VIBuffer_Cube_NorTex.cpp">
      <Filter>00. System\05. Component\VIBuffer\Cube</Filter>
    </ClCompile>
    <ClCompile Include="..\Private\VIBuffer_Cube_Tex.cpp">
      <Filter>00. System\05. Component\VIBuffer\Cube</Filter>
    </ClCompile>
    <ClCompile Include="..\Private\VIBuffer_Line_Color.cpp">
      <Filter>00. System\05. Component\VIBuffer\Line</Filter>
    </ClCompile>
    <ClCompile Include="..\Private\VIBuffer_Particle.cpp">
      <Filter>00. System\05. Component\VIBuffer\Particle</Filter>
    </ClCompile>
    <ClCompile Include="..\Private\VIBuffer_Particle_Point.cpp">
      <Filter>00. System\05. Component\VIBuffer\Particle</Filter>
    </ClCompile>
    <ClCompile Include="..\Private\VIBuffer_Particle_Rect.cpp">
      <Filter>00. System\05. Component\VIBuffer\Particle</Filter>
    </ClCompile>
    <ClCompile Include="..\Private\VIBuffer_Rect_Color.cpp">
      <Filter>00. System\05. Component\VIBuffer\Rect</Filter>
    </ClCompile>
    <ClCompile Include="..\Private\VIBuffer_Rect_NorTex.cpp">
      <Filter>00. System\05. Component\VIBuffer\Rect</Filter>
    </ClCompile>
    <ClCompile Include="..\Private\VIBuffer_Rect_Tex.cpp">
      <Filter>00. System\05. Component\VIBuffer\Rect</Filter>
    </ClCompile>
    <ClCompile Include="..\Private\VIBuffer_Terrain.cpp">
      <Filter>00. System\05. Component\VIBuffer\Terrain</Filter>
    </ClCompile>
    <ClCompile Include="..\Private\Transform.cpp">
      <Filter>00. System\05. Component\Transform</Filter>
    </ClCompile>
    <ClCompile Include="..\Private\GameObject.cpp">
      <Filter>00. System\04. GameObject</Filter>
    </ClCompile>
    <ClCompile Include="..\Private\PartObject.cpp">
      <Filter>00. System\04. GameObject\PartObject</Filter>
    </ClCompile>
    <ClCompile Include="..\Private\Level.cpp">
      <Filter>00. System\02. Level</Filter>
    </ClCompile>
    <ClCompile Include="..\Private\Level_Manager.cpp">
      <Filter>00. System\02. Level\00. Manager</Filter>
    </ClCompile>
    <ClCompile Include="..\Private\Prototype_Manager.cpp">
      <Filter>00. System\03. Prototype</Filter>
    </ClCompile>
    <ClCompile Include="..\Private\CameraMan.cpp">
      <Filter>00. System\04. GameObject\CameraMan</Filter>
    </ClCompile>
    <ClCompile Include="..\Private\ContainerObject.cpp">
      <Filter>00. System\04. GameObject\ContainerObject</Filter>
    </ClCompile>
    <ClCompile Include="..\Private\Object_Manager.cpp">
      <Filter>00. System\04. GameObject\00. Manager</Filter>
    </ClCompile>
    <ClCompile Include="..\Private\ActionState.cpp">
      <Filter>00. System\05. Component\ActionState</Filter>
    </ClCompile>
    <ClCompile Include="..\Private\Camera.cpp">
      <Filter>00. System\05. Component\Camera</Filter>
    </ClCompile>
    <ClCompile Include="..\Private\ControlContext.cpp">
      <Filter>00. System\05. Component\ControlContext</Filter>
    </ClCompile>
    <ClCompile Include="..\Private\MonoBehaviour.cpp">
      <Filter>00. System\05. Component\Monobehaviour</Filter>
    </ClCompile>
    <ClCompile Include="..\Private\Navigation.cpp">
      <Filter>00. System\05. Component\Navigation</Filter>
    </ClCompile>
    <ClCompile Include="..\Private\Texture.cpp">
      <Filter>00. System\05. Component\Texture</Filter>
    </ClCompile>
    <ClCompile Include="..\Private\ResourceBase.cpp">
      <Filter>00. System\07. Resource</Filter>
    </ClCompile>
    <ClCompile Include="..\Private\TextureBase.cpp">
      <Filter>00. System\07. Resource\TextureBase</Filter>
    </ClCompile>
    <ClCompile Include="..\Private\Channel.cpp">
      <Filter>00. System\07. Resource\ModelAnimation\Channel</Filter>
    </ClCompile>
    <ClCompile Include="..\Private\ModelAnimation.cpp">
      <Filter>00. System\07. Resource\ModelAnimation</Filter>
    </ClCompile>
    <ClCompile Include="..\Private\MaterialInstance.cpp">
      <Filter>00. System\07. Resource\MaterialInstance</Filter>
    </ClCompile>
    <ClCompile Include="..\Private\Resource_Manager.cpp">
      <Filter>00. System\07. Resource\00. Manager</Filter>
    </ClCompile>
    <ClCompile Include="..\Private\Render_Manager.cpp">
      <Filter>00. System\08. Render</Filter>
    </ClCompile>
    <ClCompile Include="..\Private\Importer.cpp">
      <Filter>01. Utility\01. Converter\Importer</Filter>
    </ClCompile>
    <ClCompile Include="..\Private\AsTypes.cpp">
      <Filter>01. Utility\01. Converter\AsTypes</Filter>
    </ClCompile>
    <ClCompile Include="..\Private\FileUtils.cpp">
      <Filter>01. Utility\02. FileUtil</Filter>
    </ClCompile>
    <ClCompile Include="..\Private\ModelLoader.cpp">
      <Filter>01. Utility\03. ModelLoader</Filter>
    </ClCompile>
    <ClCompile Include="..\Private\Layer.cpp">
      <Filter>00. System\04. GameObject\00. Manager\Layer</Filter>
    </ClCompile>
    <ClCompile Include="..\Private\Light.cpp">
      <Filter>01. Utility\04. Light</Filter>
    </ClCompile>
    <ClCompile Include="..\Private\Light_Manager.cpp">
      <Filter>01. Utility\04. Light\00. Manager</Filter>
    </ClCompile>
    <ClCompile Include="..\Private\Picking.cpp">
      <Filter>01. Utility\07. Picking</Filter>
    </ClCompile>
    <ClCompile Include="..\Private\Ray.cpp">
      <Filter>01. Utility\07. Picking\Ray</Filter>
    </ClCompile>
    <ClCompile Include="..\Private\GameDataManager.cpp">
      <Filter>01. Utility\08. GameData</Filter>
    </ClCompile>
    <ClCompile Include="..\Private\StateBase.cpp">
      <Filter>00. System\05. Component\ActionState\StateBase</Filter>
    </ClCompile>
    <ClCompile Include="..\Private\Collision_Manager.cpp">
      <Filter>01. Utility\09. Collision</Filter>
    </ClCompile>
    <ClCompile Include="..\Private\Material.cpp">
      <Filter>00. System\07. Resource\Material</Filter>
    </ClCompile>
    <ClCompile Include="..\Private\Bone.cpp">
      <Filter>00. System\05. Component\Model\Bone</Filter>
    </ClCompile>
    <ClCompile Include="..\Private\Font.cpp">
      <Filter>01. Utility\12. Font</Filter>
    </ClCompile>
    <ClCompile Include="..\Private\Font_Manager.cpp">
      <Filter>01. Utility\12. Font\00. Manager</Filter>
    </ClCompile>
    <ClCompile Include="..\Private\Frustrum.cpp">
      <Filter>01. Utility\13. Furstrum</Filter>
    </ClCompile>
    <ClCompile Include="..\Private\Camera_Manager.cpp">
      <Filter>00. System\04. GameObject\00. Manager</Filter>
    </ClCompile>
    <ClCompile Include="..\Private\Cell.cpp">
      <Filter>00. System\05. Component\Navigation\Cell</Filter>
    </ClCompile>
    <ClCompile Include="..\Private\GameInstance.cpp">
      <Filter>01. Utility\00. GameInstance</Filter>
    </ClCompile>
    <ClCompile Include="..\Private\Component.cpp">
      <Filter>00. System\05. Component</Filter>
    </ClCompile>
    <ClCompile Include="..\Private\DebugDraw.cpp">
      <Filter>01. Utility\10. DebugDraw</Filter>
    </ClCompile>
    <ClCompile Include="..\Private\Converter.cpp">
      <Filter>01. Utility\01. Converter</Filter>
    </ClCompile>
    <ClCompile Include="Engine_pch.cpp">
      <Filter>99. Defines\pch</Filter>
    </ClCompile>
    <ClCompile Include="..\Private\Constant_Buffer.cpp">
      <Filter>00. System\11. ConstantBuffer</Filter>
    </ClCompile>
    <ClCompile Include="..\private\ObjectPool.cpp">
      <Filter>00. System\04. GameObject\00. Manager\Pool</Filter>
    </ClCompile>
    <ClCompile Include="..\private\ObjectPool_Manager.cpp">
      <Filter>00. System\04. GameObject\00. Manager</Filter>
    </ClCompile>
    <ClCompile Include="..\private\DataRepository.cpp">
      <Filter>01. Utility\11. DataRepository</Filter>
    </ClCompile>
    <ClCompile Include="..\private\DataStore.cpp">
      <Filter>01. Utility\11. DataRepository\DataStore</Filter>
    </ClCompile>
    <ClCompile Include="..\private\DataDocumentBase.cpp">
      <Filter>01. Utility\11. DataRepository\DataDocument</Filter>
    </ClCompile>
    <ClCompile Include="..\private\DataDocument_Example.cpp">
      <Filter>01. Utility\11. DataRepository\Datas\Example\DataDocument_Example</Filter>
    </ClCompile>
    <ClCompile Include="..\Private\BuilderBase.cpp">
      <Filter>01. Utility\14. Builder</Filter>
    </ClCompile>
    <ClCompile Include="..\private\json_forward.cpp">
      <Filter>01. Utility\15. Json_Forward</Filter>
    </ClCompile>
    <ClCompile Include="..\Private\DataStruct_Example.cpp">
      <Filter>01. Utility\11. DataRepository\Datas\Example</Filter>
    </ClCompile>
    <ClCompile Include="..\private\DataStruct_Animation.cpp">
      <Filter>01. Utility\11. DataRepository\Datas\Animation</Filter>
    </ClCompile>
    <ClCompile Include="..\private\ObjectDataBase.cpp">
      <Filter>01. Utility\11. DataRepository\Datas</Filter>
    </ClCompile>
    <ClCompile Include="..\Private\VIBuffer_Particle_Mesh.cpp">
      <Filter>00. System\05. Component\VIBuffer\Particle</Filter>
    </ClCompile>
    <ClCompile Include="..\Private\DataEnum.cpp">
      <Filter>01. Utility\11. DataRepository</Filter>
    </ClCompile>
    <ClCompile Include="..\Private\DataDefine_Json.cpp">
      <Filter>01. Utility\11. DataRepository</Filter>
    </ClCompile>
    <ClCompile Include="..\private\BuilderSystem.cpp">
      <Filter>01. Utility\14. Builder\System</Filter>
    </ClCompile>
    <ClCompile Include="..\Private\DataStruct_UI.cpp">
      <Filter>01. Utility\11. DataRepository\Datas\UI</Filter>
    </ClCompile>
    <ClCompile Include="..\Private\DataDocument_UI.cpp">
      <Filter>01. Utility\11. DataRepository\Datas\UI\DataDocument_UI</Filter>
    </ClCompile>
    <ClCompile Include="..\Private\Model.cpp">
      <Filter>00. System\05. Component\Model</Filter>
    </ClCompile>
    <ClCompile Include="..\Private\DataDocument_Effect.cpp">
      <Filter>01. Utility\11. DataRepository\Datas\Effect\EffectData\DataDocument_Effect</Filter>
    </ClCompile>
    <ClCompile Include="..\Private\Physics_Module.cpp">
      <Filter>00. System\12. PhysX</Filter>
    </ClCompile>
    <ClCompile Include="..\Private\Physics_ResourceManager.cpp">
      <Filter>00. System\12. PhysX\Resource</Filter>
    </ClCompile>
    <ClCompile Include="..\Private\Physics_Utils.cpp">
      <Filter>00. System\12. PhysX\Utils</Filter>
    </ClCompile>
    <ClCompile Include="..\Private\Physics_ShapeFactory.cpp">
      <Filter>00. System\12. PhysX\Geometry</Filter>
    </ClCompile>
    <ClCompile Include="..\Private\Physics_CCTManager.cpp">
      <Filter>00. System\12. PhysX\Character</Filter>
    </ClCompile>
    <ClCompile Include="..\Private\Physics_ActorFactory.cpp">
      <Filter>00. System\12. PhysX\Actor</Filter>
    </ClCompile>
    <ClCompile Include="..\Private\PhysicsCollider.cpp">
      <Filter>00. System\05. Component\PhysicsCollider</Filter>
    </ClCompile>
    <ClCompile Include="..\Private\PhysicsRigidBody.cpp">
      <Filter>00. System\05. Component\PhysicsRigidBody</Filter>
    </ClCompile>
    <ClCompile Include="..\Private\PhysicsCCT.cpp">
      <Filter>00. System\05. Component\PhysicsCCT</Filter>
    </ClCompile>
    <ClCompile Include="..\Private\DataStruct_Map.cpp">
      <Filter>01. Utility\11. DataRepository\Datas\Map\DataStruct_Map</Filter>
    </ClCompile>
    <ClCompile Include="..\Private\DataDocument_Map.cpp">
      <Filter>01. Utility\11. DataRepository\Datas\Map\DataDocument_Map</Filter>
    </ClCompile>
    <ClCompile Include="..\public\ThreadPool.cpp" />
    <ClCompile Include="..\Private\StructuredBuffer.cpp">
      <Filter>00. System\13. StructuredBuffer</Filter>
    </ClCompile>
    <ClCompile Include="..\Private\Shader.cpp">
      <Filter>00. System\05. Component\Shader</Filter>
    </ClCompile>
    <ClCompile Include="..\Private\ComputeShader.cpp">
      <Filter>00. System\05. Component\Monobehaviour\ComputeShader</Filter>
    </ClCompile>
    <ClCompile Include="..\Private\UIObject.cpp">
      <Filter>00. System\04. GameObject\UIObject</Filter>
    </ClCompile>
    <ClCompile Include="..\Private\Mesh.cpp">
      <Filter>00. System\07. Resource\Mesh\00. Mesh</Filter>
    </ClCompile>
    <ClCompile Include="..\Private\InstanceMesh.cpp">
      <Filter>00. System\07. Resource\Mesh\01. InstanceMesh</Filter>
    </ClCompile>
    <ClCompile Include="..\private\ThreadWorker.cpp">
      <Filter>00. System\13. ThreadPool\Worker</Filter>
    </ClCompile>
    <ClCompile Include="..\public\ThreadPool.cpp">
      <Filter>00. System\13. ThreadPool</Filter>
    </ClCompile>
    <ClCompile Include="..\private\FxEffectAsset.cpp">
      <Filter>01. Utility\17. ShaderAsset</Filter>
    </ClCompile>
    <ClCompile Include="..\private\ShaderAsset_Manager.cpp">
      <Filter>01. Utility\17. ShaderAsset\Manager</Filter>
    </ClCompile>
    <ClCompile Include="..\private\FxShaderVariant.cpp">
      <Filter>01. Utility\17. ShaderAsset</Filter>
    </ClCompile>
    <ClCompile Include="..\Private\PhysicsAttackOverlap.cpp">
      <Filter>00. System\05. Component\PhysicsAttackOverlap</Filter>
    </ClCompile>
    <ClCompile Include="..\Private\ActiveAttackOverlap.cpp">
      <Filter>00. System\05. Component\PhysicsAttackOverlap\ActiveAttackOverlap</Filter>
    </ClCompile>
    <ClCompile Include="..\Private\Physics_QueryFilterCallback.cpp">
      <Filter>00. System\12. PhysX\EventCallback\SceneQuery</Filter>
    </ClCompile>
    <ClCompile Include="..\Private\Physics_FilterEventCallback.cpp">
      <Filter>00. System\12. PhysX\EventCallback\Filter</Filter>
    </ClCompile>
    <ClCompile Include="..\Private\Physics_CCTHitReport.cpp">
      <Filter>00. System\12. PhysX\EventCallback\HitReport</Filter>
    </ClCompile>
    <ClCompile Include="..\Private\DataStruct_AttackOverlap.cpp">
      <Filter>01. Utility\11. DataRepository\Datas\AttackOverlap\DataStruct_AttackOverlap</Filter>
    </ClCompile>
    <ClCompile Include="..\Private\DataDocument_AttackOverlap.cpp">
      <Filter>01. Utility\11. DataRepository\Datas\AttackOverlap\DataDocument_AttackOverlap</Filter>
    </ClCompile>
    <ClCompile Include="..\private\Bounds.cpp">
      <Filter>00. System\05. Component\BoundComponent</Filter>
    </ClCompile>
    <ClCompile Include="..\private\Octree_Manager.cpp">
      <Filter>01. Utility\18. Octree\Manager</Filter>
    </ClCompile>
    <ClCompile Include="..\private\EngineConsole.cpp">
      <Filter>01. Utility\16. Console</Filter>
    </ClCompile>
    <ClCompile Include="..\Private\DataStruct_Effect.cpp">
      <Filter>01. Utility\11. DataRepository\Datas\Effect\EffectData\DataStruct_Effect</Filter>
    </ClCompile>
    <ClCompile Include="..\Private\DataStruct_EffectEvent.cpp">
      <Filter>01. Utility\11. DataRepository\Datas\Effect\EffectEventData\DataStruct_EffectEvent</Filter>
    </ClCompile>
    <ClCompile Include="..\Private\DataDocument_EffectEvent.cpp">
      <Filter>01. Utility\11. DataRepository\Datas\Effect\EffectEventData\DataDocument_EffectEvent</Filter>
    </ClCompile>
    <ClCompile Include="..\private\EffectHandler.cpp">
      <Filter>00. System\05. Component\AnimEffectHandler</Filter>
    </ClCompile>
    <ClCompile Include="..\Private\Effect_Manager.cpp">
      <Filter>00. System\14. Effect</Filter>
    </ClCompile>
    <ClCompile Include="..\Private\MyStat.cpp">
      <Filter>00. System\05. Component\Stat</Filter>
    </ClCompile>
    <ClCompile Include="..\Private\SkillBase.cpp">
      <Filter>00. System\05. Component\Skill\SkillBase</Filter>
    </ClCompile>
    <ClCompile Include="..\Private\ActionSkill.cpp">
      <Filter>00. System\05. Component\Skill</Filter>
    </ClCompile>
    <ClCompile Include="..\Private\EffectBase.cpp">
      <Filter>00. System\14. Effect\EffectBase</Filter>
    </ClCompile>
    <ClCompile Include="..\private\TimeScale_Manager.cpp">
      <Filter>00. System\01. Timer\Manager</Filter>
    </ClCompile>
    <ClCompile Include="..\Private\GameData_Struct.cpp">
      <Filter>01. Utility\08. GameData\00. Struct</Filter>
    </ClCompile>
    <ClCompile Include="..\Private\EffectPartBase.cpp">
      <Filter>00. System\14. Effect\EffectPartBase</Filter>
    </ClCompile>
    <ClCompile Include="..\Private\DataStruct_MonsterState.cpp">
      <Filter>01. Utility\11. DataRepository\Datas\MonsterState\DataStruct_MonsterState</Filter>
    </ClCompile>
    <ClCompile Include="..\Private\DataDocument_MonsterState.cpp">
      <Filter>01. Utility\11. DataRepository\Datas\MonsterState\DataDocument_MonsterState</Filter>
    </ClCompile>
    <ClCompile Include="..\Private\JudgementSystem.cpp">
      <Filter>00. System\15. Judgement</Filter>
    </ClCompile>
    <ClCompile Include="..\private\DataStruct_AttackPreset.cpp">
      <Filter>01. Utility\11. DataRepository\Datas\AttackPreset\DataStruct_AttackPreset</Filter>
    </ClCompile>
    <ClCompile Include="..\private\DataDocument_AttackPreset.cpp">
      <Filter>01. Utility\11. DataRepository\Datas\AttackPreset\DataDocument_AttackPreset</Filter>
    </ClCompile>
    <ClCompile Include="Anim_Event_Base.cpp">
      <Filter>01. Utility\11. DataRepository\Datas\AnimationEvent\DataModel</Filter>
    </ClCompile>
    <ClCompile Include="..\private\GimmikController.cpp">
      <Filter>00. System\05. Component\GimmikController</Filter>
    </ClCompile>
    <ClCompile Include="..\private\SkillObject_Base.cpp">
      <Filter>00. System\04. GameObject\SkillObject_Base</Filter>
    </ClCompile>
    <ClCompile Include="..\private\SkillObjectSpawner.cpp" />
  </ItemGroup>
  <ItemGroup>
    <ClInclude Include="..\Public\Timer_Manager.h">
      <Filter>00. System\01. Timer\Manager</Filter>
    </ClInclude>
    <ClInclude Include="..\Public\Timer.h">
      <Filter>00. System\01. Timer</Filter>
    </ClInclude>
    <ClInclude Include="..\Public\Base.h">
      <Filter>01. Utility\99. SuperClass</Filter>
    </ClInclude>
    <ClInclude Include="..\Public\Engine_Enum.h">
      <Filter>99. Defines</Filter>
    </ClInclude>
    <ClInclude Include="..\Public\Engine_Function.h">
      <Filter>99. Defines</Filter>
    </ClInclude>
    <ClInclude Include="..\Public\Engine_GlobalValue.h">
      <Filter>99. Defines</Filter>
    </ClInclude>
    <ClInclude Include="..\Public\Engine_Macro.h">
      <Filter>99. Defines</Filter>
    </ClInclude>
    <ClInclude Include="..\Public\Engine_Struct.h">
      <Filter>99. Defines</Filter>
    </ClInclude>
    <ClInclude Include="..\Public\Engine_Typedef.h">
      <Filter>99. Defines</Filter>
    </ClInclude>
    <ClInclude Include="..\Public\Engine_Utils.h">
      <Filter>99. Defines</Filter>
    </ClInclude>
    <ClInclude Include="..\Public\VertexData.h">
      <Filter>99. Defines</Filter>
    </ClInclude>
    <ClInclude Include="..\Public\Input_Manager.h">
      <Filter>00. System\06. Input</Filter>
    </ClInclude>
    <ClInclude Include="..\Public\Sound_Manager.h">
      <Filter>00. System\10. Sound</Filter>
    </ClInclude>
    <ClInclude Include="..\Public\Delegate.h">
      <Filter>01. Utility\06. EventBus\Delegate</Filter>
    </ClInclude>
    <ClInclude Include="..\Public\MulticastDelegate.h">
      <Filter>01. Utility\06. EventBus\MulticastDelegate</Filter>
    </ClInclude>
    <ClInclude Include="..\Public\EventBus_Manager.h">
      <Filter>01. Utility\06. EventBus</Filter>
    </ClInclude>
    <ClInclude Include="..\Public\Event_Manager.h">
      <Filter>01. Utility\05. Event</Filter>
    </ClInclude>
    <ClInclude Include="..\Public\RenderTarget.h">
      <Filter>00. System\09. RenderTarget</Filter>
    </ClInclude>
    <ClInclude Include="..\Public\RenderTarget_Manager.h">
      <Filter>00. System\09. RenderTarget\Manager</Filter>
    </ClInclude>
    <ClInclude Include="..\Public\Graphic_Device.h">
      <Filter>00. System\00. Graphic</Filter>
    </ClInclude>
    <ClInclude Include="..\Public\Bounding.h">
      <Filter>00. System\05. Component\Collider\Bounding</Filter>
    </ClInclude>
    <ClInclude Include="..\Public\Bounding_AABB.h">
      <Filter>00. System\05. Component\Collider\Bounding</Filter>
    </ClInclude>
    <ClInclude Include="..\Public\Bounding_OBB.h">
      <Filter>00. System\05. Component\Collider\Bounding</Filter>
    </ClInclude>
    <ClInclude Include="..\Public\Bounding_Sphere.h">
      <Filter>00. System\05. Component\Collider\Bounding</Filter>
    </ClInclude>
    <ClInclude Include="..\Public\Collider.h">
      <Filter>00. System\05. Component\Collider</Filter>
    </ClInclude>
    <ClInclude Include="..\Public\VIBuffer.h">
      <Filter>00. System\05. Component\VIBuffer</Filter>
    </ClInclude>
    <ClInclude Include="..\Public\VIBuffer_Cube_Color.h">
      <Filter>00. System\05. Component\VIBuffer\Cube</Filter>
    </ClInclude>
    <ClInclude Include="..\Public\VIBuffer_Cube_NorTex.h">
      <Filter>00. System\05. Component\VIBuffer\Cube</Filter>
    </ClInclude>
    <ClInclude Include="..\Public\VIBuffer_Cube_Tex.h">
      <Filter>00. System\05. Component\VIBuffer\Cube</Filter>
    </ClInclude>
    <ClInclude Include="..\Public\VIBuffer_Line_Color.h">
      <Filter>00. System\05. Component\VIBuffer\Line</Filter>
    </ClInclude>
    <ClInclude Include="..\Public\VIBuffer_Particle.h">
      <Filter>00. System\05. Component\VIBuffer\Particle</Filter>
    </ClInclude>
    <ClInclude Include="..\Public\VIBuffer_Particle_Point.h">
      <Filter>00. System\05. Component\VIBuffer\Particle</Filter>
    </ClInclude>
    <ClInclude Include="..\Public\VIBuffer_Particle_Rect.h">
      <Filter>00. System\05. Component\VIBuffer\Particle</Filter>
    </ClInclude>
    <ClInclude Include="..\Public\VIBuffer_Terrain.h">
      <Filter>00. System\05. Component\VIBuffer\Terrain</Filter>
    </ClInclude>
    <ClInclude Include="..\Public\VIBuffer_Rect_Color.h">
      <Filter>00. System\05. Component\VIBuffer\Rect</Filter>
    </ClInclude>
    <ClInclude Include="..\Public\VIBuffer_Rect_NorTex.h">
      <Filter>00. System\05. Component\VIBuffer\Rect</Filter>
    </ClInclude>
    <ClInclude Include="..\Public\VIBuffer_Rect_Tex.h">
      <Filter>00. System\05. Component\VIBuffer\Rect</Filter>
    </ClInclude>
    <ClInclude Include="..\Public\Transform.h">
      <Filter>00. System\05. Component\Transform</Filter>
    </ClInclude>
    <ClInclude Include="..\Public\GameObject.h">
      <Filter>00. System\04. GameObject</Filter>
    </ClInclude>
    <ClInclude Include="..\Public\PartObject.h">
      <Filter>00. System\04. GameObject\PartObject</Filter>
    </ClInclude>
    <ClInclude Include="..\Public\Level.h">
      <Filter>00. System\02. Level</Filter>
    </ClInclude>
    <ClInclude Include="..\Public\Level_Manager.h">
      <Filter>00. System\02. Level\00. Manager</Filter>
    </ClInclude>
    <ClInclude Include="..\Public\Prototype_Manager.h">
      <Filter>00. System\03. Prototype</Filter>
    </ClInclude>
    <ClInclude Include="..\Public\CameraMan.h">
      <Filter>00. System\04. GameObject\CameraMan</Filter>
    </ClInclude>
    <ClInclude Include="..\Public\ContainerObject.h">
      <Filter>00. System\04. GameObject\ContainerObject</Filter>
    </ClInclude>
    <ClInclude Include="..\Public\Object_Manager.h">
      <Filter>00. System\04. GameObject\00. Manager</Filter>
    </ClInclude>
    <ClInclude Include="..\Public\ActionState.h">
      <Filter>00. System\05. Component\ActionState</Filter>
    </ClInclude>
    <ClInclude Include="..\Public\Camera.h">
      <Filter>00. System\05. Component\Camera</Filter>
    </ClInclude>
    <ClInclude Include="..\Public\ControlContext.h">
      <Filter>00. System\05. Component\ControlContext</Filter>
    </ClInclude>
    <ClInclude Include="..\Public\Model.h">
      <Filter>00. System\05. Component\Model</Filter>
    </ClInclude>
    <ClInclude Include="..\Public\MonoBehaviour.h">
      <Filter>00. System\05. Component\Monobehaviour</Filter>
    </ClInclude>
    <ClInclude Include="..\Public\Navigation.h">
      <Filter>00. System\05. Component\Navigation</Filter>
    </ClInclude>
    <ClInclude Include="..\Public\Shader.h">
      <Filter>00. System\05. Component\Shader</Filter>
    </ClInclude>
    <ClInclude Include="..\Public\Texture.h">
      <Filter>00. System\05. Component\Texture</Filter>
    </ClInclude>
    <ClInclude Include="..\Public\ResourceBase.h">
      <Filter>00. System\07. Resource</Filter>
    </ClInclude>
    <ClInclude Include="..\Public\TextureBase.h">
      <Filter>00. System\07. Resource\TextureBase</Filter>
    </ClInclude>
    <ClInclude Include="..\Public\Channel.h">
      <Filter>00. System\07. Resource\ModelAnimation\Channel</Filter>
    </ClInclude>
    <ClInclude Include="..\Public\ModelAnimation.h">
      <Filter>00. System\07. Resource\ModelAnimation</Filter>
    </ClInclude>
    <ClInclude Include="..\Public\MaterialInstance.h">
      <Filter>00. System\07. Resource\MaterialInstance</Filter>
    </ClInclude>
    <ClInclude Include="..\Public\Resource_Manager.h">
      <Filter>00. System\07. Resource\00. Manager</Filter>
    </ClInclude>
    <ClInclude Include="..\Public\Render_Manager.h">
      <Filter>00. System\08. Render</Filter>
    </ClInclude>
    <ClInclude Include="..\Public\Importer.h">
      <Filter>01. Utility\01. Converter\Importer</Filter>
    </ClInclude>
    <ClInclude Include="..\Public\AsTypes.h">
      <Filter>01. Utility\01. Converter\AsTypes</Filter>
    </ClInclude>
    <ClInclude Include="..\Public\FileUtils.h">
      <Filter>01. Utility\02. FileUtil</Filter>
    </ClInclude>
    <ClInclude Include="..\Public\ModelLoader.h">
      <Filter>01. Utility\03. ModelLoader</Filter>
    </ClInclude>
    <ClInclude Include="..\Public\Layer.h">
      <Filter>00. System\04. GameObject\00. Manager\Layer</Filter>
    </ClInclude>
    <ClInclude Include="..\Public\Light.h">
      <Filter>01. Utility\04. Light</Filter>
    </ClInclude>
    <ClInclude Include="..\Public\Light_Manager.h">
      <Filter>01. Utility\04. Light\00. Manager</Filter>
    </ClInclude>
    <ClInclude Include="..\Public\Picking.h">
      <Filter>01. Utility\07. Picking</Filter>
    </ClInclude>
    <ClInclude Include="..\Public\Ray.h">
      <Filter>01. Utility\07. Picking\Ray</Filter>
    </ClInclude>
    <ClInclude Include="..\Public\GameDataManager.h">
      <Filter>01. Utility\08. GameData</Filter>
    </ClInclude>
    <ClInclude Include="..\Public\StateBase.h">
      <Filter>00. System\05. Component\ActionState\StateBase</Filter>
    </ClInclude>
    <ClInclude Include="..\Public\Collision_Manager.h">
      <Filter>01. Utility\09. Collision</Filter>
    </ClInclude>
    <ClInclude Include="..\Public\Material.h">
      <Filter>00. System\07. Resource\Material</Filter>
    </ClInclude>
    <ClInclude Include="..\Public\Bone.h">
      <Filter>00. System\05. Component\Model\Bone</Filter>
    </ClInclude>
    <ClInclude Include="..\Public\Font.h">
      <Filter>01. Utility\12. Font</Filter>
    </ClInclude>
    <ClInclude Include="..\Public\Font_Manager.h">
      <Filter>01. Utility\12. Font\00. Manager</Filter>
    </ClInclude>
    <ClInclude Include="..\Public\Frustrum.h">
      <Filter>01. Utility\13. Furstrum</Filter>
    </ClInclude>
    <ClInclude Include="..\Public\Camera_Manager.h">
      <Filter>00. System\04. GameObject\00. Manager</Filter>
    </ClInclude>
    <ClInclude Include="..\Public\Cell.h">
      <Filter>00. System\05. Component\Navigation\Cell</Filter>
    </ClInclude>
    <ClInclude Include="..\Public\GameInstance.h">
      <Filter>01. Utility\00. GameInstance</Filter>
    </ClInclude>
    <ClInclude Include="..\Public\DebugDraw.h">
      <Filter>01. Utility\10. DebugDraw</Filter>
    </ClInclude>
    <ClInclude Include="..\Public\Component.h">
      <Filter>00. System\05. Component</Filter>
    </ClInclude>
    <ClInclude Include="..\Public\DebugDraw.h">
      <Filter>01. Utility\10. DebugDraw</Filter>
    </ClInclude>
    <ClInclude Include="..\Public\Converter.h">
      <Filter>01. Utility\01. Converter</Filter>
    </ClInclude>
    <ClInclude Include="..\Public\Engine_Define.h">
      <Filter>99. Defines</Filter>
    </ClInclude>
    <ClInclude Include="Engine_pch.h">
      <Filter>99. Defines\pch</Filter>
    </ClInclude>
    <ClInclude Include="..\Public\Constant_Buffer.h">
      <Filter>00. System\11. ConstantBuffer</Filter>
    </ClInclude>
    <ClInclude Include="..\public\ObjectPool.h">
      <Filter>00. System\04. GameObject\00. Manager\Pool</Filter>
    </ClInclude>
    <ClInclude Include="..\public\ObjectPool_Manager.h">
      <Filter>00. System\04. GameObject\00. Manager</Filter>
    </ClInclude>
    <ClInclude Include="..\public\DataRepository.h">
      <Filter>01. Utility\11. DataRepository</Filter>
    </ClInclude>
    <ClInclude Include="..\public\DataStore.h">
      <Filter>01. Utility\11. DataRepository\DataStore</Filter>
    </ClInclude>
    <ClInclude Include="..\public\DataDocumentBase.h">
      <Filter>01. Utility\11. DataRepository\DataDocument</Filter>
    </ClInclude>
    <ClInclude Include="..\public\DataDocument_Example.h">
      <Filter>01. Utility\11. DataRepository\Datas\Example\DataDocument_Example</Filter>
    </ClInclude>
    <ClInclude Include="..\Public\DataStruct_Example.h">
      <Filter>01. Utility\11. DataRepository\Datas\Example</Filter>
    </ClInclude>
    <ClInclude Include="..\Public\DataEnum.h">
      <Filter>01. Utility\11. DataRepository</Filter>
    </ClInclude>
    <ClInclude Include="..\Public\BuilderBase.h">
      <Filter>01. Utility\14. Builder</Filter>
    </ClInclude>
    <ClInclude Include="..\public\json_forward.h">
      <Filter>01. Utility\15. Json_Forward</Filter>
    </ClInclude>
    <ClInclude Include="..\public\DataStruct_Animation.h">
      <Filter>01. Utility\11. DataRepository\Datas\Animation</Filter>
    </ClInclude>
    <ClInclude Include="..\public\ObjectDataBase.h">
      <Filter>01. Utility\11. DataRepository\Datas</Filter>
    </ClInclude>
    <ClInclude Include="..\Public\VIBuffer_Particle_Mesh.h">
      <Filter>00. System\05. Component\VIBuffer\Particle</Filter>
    </ClInclude>
    <ClInclude Include="..\Public\DataDefine_Json.h">
      <Filter>01. Utility\11. DataRepository</Filter>
    </ClInclude>
    <ClInclude Include="..\public\BuilderSystem.h">
      <Filter>01. Utility\14. Builder\System</Filter>
    </ClInclude>
    <ClInclude Include="..\Public\DataStruct_UI.h">
      <Filter>01. Utility\11. DataRepository\Datas\UI</Filter>
    </ClInclude>
    <ClInclude Include="..\Public\DataDocument_UI.h">
      <Filter>01. Utility\11. DataRepository\Datas\UI\DataDocument_UI</Filter>
    </ClInclude>
    <ClInclude Include="..\Public\DataDocument_Effect.h">
      <Filter>01. Utility\11. DataRepository\Datas\Effect\EffectData\DataDocument_Effect</Filter>
    </ClInclude>
    <ClInclude Include="..\Public\Physics_Module.h">
      <Filter>00. System\12. PhysX</Filter>
    </ClInclude>
    <ClInclude Include="..\Public\Physics_ResourceManager.h">
      <Filter>00. System\12. PhysX\Resource</Filter>
    </ClInclude>
    <ClInclude Include="..\Public\Physics_Utils.h">
      <Filter>00. System\12. PhysX\Utils</Filter>
    </ClInclude>
    <ClInclude Include="..\Public\Physics_ShapeFactory.h">
      <Filter>00. System\12. PhysX\Geometry</Filter>
    </ClInclude>
    <ClInclude Include="..\Public\Physics_CCTManager.h">
      <Filter>00. System\12. PhysX\Character</Filter>
    </ClInclude>
    <ClInclude Include="..\Public\Physics_ActorFactory.h">
      <Filter>00. System\12. PhysX\Actor</Filter>
    </ClInclude>
    <ClInclude Include="..\Public\PhysicsCollider.h">
      <Filter>00. System\05. Component\PhysicsCollider</Filter>
    </ClInclude>
    <ClInclude Include="..\Public\PhysicsRigidBody.h">
      <Filter>00. System\05. Component\PhysicsRigidBody</Filter>
    </ClInclude>
    <ClInclude Include="..\Public\PhysicsCCT.h">
      <Filter>00. System\05. Component\PhysicsCCT</Filter>
    </ClInclude>
    <ClInclude Include="..\Public\DataStruct_Map.h">
      <Filter>01. Utility\11. DataRepository\Datas\Map\DataStruct_Map</Filter>
    </ClInclude>
    <ClInclude Include="..\Public\DataDocument_Map.h">
      <Filter>01. Utility\11. DataRepository\Datas\Map\DataDocument_Map</Filter>
    </ClInclude>
    <ClInclude Include="..\public\ThreadWorker.h" />
    <ClInclude Include="..\Public\StructuredBuffer.h">
      <Filter>00. System\13. StructuredBuffer</Filter>
    </ClInclude>
    <ClInclude Include="..\Public\ComputeShader.h">
      <Filter>00. System\05. Component\Monobehaviour\ComputeShader</Filter>
    </ClInclude>
    <ClInclude Include="..\Public\UIObject.h">
      <Filter>00. System\04. GameObject\UIObject</Filter>
    </ClInclude>
    <ClInclude Include="..\Public\Mesh.h">
      <Filter>00. System\07. Resource\Mesh\00. Mesh</Filter>
    </ClInclude>
    <ClInclude Include="..\Public\InstanceMesh.h">
      <Filter>00. System\07. Resource\Mesh\01. InstanceMesh</Filter>
    </ClInclude>
    <ClInclude Include="..\public\ThreadWorker.h">
      <Filter>00. System\13. ThreadPool\Worker</Filter>
    </ClInclude>
    <ClInclude Include="..\public\ThreadPool.h">
      <Filter>00. System\13. ThreadPool</Filter>
    </ClInclude>
    <ClInclude Include="..\public\FxEffectAsset.h">
      <Filter>01. Utility\17. ShaderAsset</Filter>
    </ClInclude>
    <ClInclude Include="..\public\ShaderAsset_Manager.h">
      <Filter>01. Utility\17. ShaderAsset\Manager</Filter>
    </ClInclude>
    <ClInclude Include="..\public\FxShaderVariant.h">
      <Filter>01. Utility\17. ShaderAsset</Filter>
    </ClInclude>
    <ClInclude Include="..\Public\PhysicsAttackOverlap.h">
      <Filter>00. System\05. Component\PhysicsAttackOverlap</Filter>
    </ClInclude>
    <ClInclude Include="..\Public\ActiveAttackOverlap.h">
      <Filter>00. System\05. Component\PhysicsAttackOverlap\ActiveAttackOverlap</Filter>
    </ClInclude>
    <ClInclude Include="..\Public\Physics_QueryFilterCallback.h">
      <Filter>00. System\12. PhysX\EventCallback\SceneQuery</Filter>
    </ClInclude>
    <ClInclude Include="..\Public\Physics_FilterEventCallback.h">
      <Filter>00. System\12. PhysX\EventCallback\Filter</Filter>
    </ClInclude>
    <ClInclude Include="..\Public\Physics_CCTHitReport.h">
      <Filter>00. System\12. PhysX\EventCallback\HitReport</Filter>
    </ClInclude>
    <ClInclude Include="..\Public\DataStruct_AttackOverlap.h">
      <Filter>01. Utility\11. DataRepository\Datas\AttackOverlap\DataStruct_AttackOverlap</Filter>
    </ClInclude>
    <ClInclude Include="..\Public\DataDocument_AttackOverlap.h">
      <Filter>01. Utility\11. DataRepository\Datas\AttackOverlap\DataDocument_AttackOverlap</Filter>
    </ClInclude>
    <ClInclude Include="..\public\Bounds.h">
      <Filter>00. System\05. Component\BoundComponent</Filter>
    </ClInclude>
    <ClInclude Include="..\public\Octree_Manager.h">
      <Filter>01. Utility\18. Octree\Manager</Filter>
    </ClInclude>
    <ClInclude Include="..\public\EngineConsole.h">
      <Filter>01. Utility\16. Console</Filter>
    </ClInclude>
    <ClInclude Include="..\Public\DataStruct_Effect.h">
      <Filter>01. Utility\11. DataRepository\Datas\Effect\EffectData\DataStruct_Effect</Filter>
    </ClInclude>
    <ClInclude Include="..\Public\DataStruct_EffectEvent.h">
      <Filter>01. Utility\11. DataRepository\Datas\Effect\EffectEventData\DataStruct_EffectEvent</Filter>
    </ClInclude>
    <ClInclude Include="..\Public\DataDocument_EffectEvent.h">
      <Filter>01. Utility\11. DataRepository\Datas\Effect\EffectEventData\DataDocument_EffectEvent</Filter>
    </ClInclude>
    <ClInclude Include="..\Public\EffectHandler.h">
      <Filter>00. System\05. Component\AnimEffectHandler</Filter>
    </ClInclude>
    <ClInclude Include="..\Public\Effect_Manager.h">
      <Filter>00. System\14. Effect</Filter>
    </ClInclude>
    <ClInclude Include="..\Public\MyStat.h">
      <Filter>00. System\05. Component\Stat</Filter>
    </ClInclude>
    <ClInclude Include="..\Public\SkillBase.h">
      <Filter>00. System\05. Component\Skill\SkillBase</Filter>
    </ClInclude>
    <ClInclude Include="..\Public\ActionSkill.h">
      <Filter>00. System\05. Component\Skill</Filter>
    </ClInclude>
    <ClInclude Include="..\public\TimeScale_Manager.h">
      <Filter>00. System\01. Timer\Manager</Filter>
    </ClInclude>
    <ClInclude Include="..\Public\DataStruct_MonsterState.h">
      <Filter>01. Utility\11. DataRepository\Datas\MonsterState\DataStruct_MonsterState</Filter>
    </ClInclude>
    <ClInclude Include="..\Public\DataDocument_MonsterState.h">
      <Filter>01. Utility\11. DataRepository\Datas\MonsterState\DataDocument_MonsterState</Filter>
    </ClInclude>
    <ClInclude Include="..\Public\DTO_MonsterState.h">
      <Filter>01. Utility\11. DataRepository\Datas\MonsterState\DataModel</Filter>
    </ClInclude>
    <ClInclude Include="..\Public\Anim_Event_Script_Base.h">
      <Filter>01. Utility\11. DataRepository\Datas\AnimationEvent\DataModel</Filter>
    </ClInclude>
    <ClInclude Include="..\Public\Anim_Event_Base.h">
      <Filter>01. Utility\11. DataRepository\Datas\AnimationEvent\DataModel</Filter>
    </ClInclude>
    <ClInclude Include="..\Public\Anim_Event_Info.h">
      <Filter>01. Utility\11. DataRepository\Datas\AnimationEvent\DataModel</Filter>
    </ClInclude>
    <ClInclude Include="..\Public\Anim_Event_AttackOverlap.h">
      <Filter>01. Utility\11. DataRepository\Datas\AttackOverlap\DataModel</Filter>
    </ClInclude>
    <ClInclude Include="..\Public\Anim_Event_Hitbox.h">
      <Filter>01. Utility\11. DataRepository\Datas\AttackOverlap\DataModel</Filter>
    </ClInclude>
    <ClInclude Include="..\Public\AttackOverlap_Desc.h">
      <Filter>01. Utility\11. DataRepository\Datas\AttackOverlap\DataModel</Filter>
    </ClInclude>
    <ClInclude Include="..\Public\JudgementSystem.h">
      <Filter>00. System\15. Judgement</Filter>
    </ClInclude>
    <ClInclude Include="..\public\DataStruct_AttackPreset.h">
      <Filter>01. Utility\11. DataRepository\Datas\AttackPreset\DataStruct_AttackPreset</Filter>
    </ClInclude>
    <ClInclude Include="..\public\DataDocument_AttackPreset.h">
      <Filter>01. Utility\11. DataRepository\Datas\AttackPreset\DataDocument_AttackPreset</Filter>
    </ClInclude>
    <ClInclude Include="..\public\EffectBase.h">
      <Filter>00. System\14. Effect\EffectBase</Filter>
    </ClInclude>
    <ClInclude Include="..\public\TimeScale_Manager.h">
      <Filter>00. System\01. Timer\Manager</Filter>
    </ClInclude>
    <ClInclude Include="..\Public\GameData_Struct.h" />
    <ClInclude Include="..\Public\EffectPartBase.h">
      <Filter>00. System\14. Effect\EffectPartBase</Filter>
    </ClInclude>
    <ClInclude Include="..\public\GimmikController.h">
      <Filter>00. System\05. Component\GimmikController</Filter>
    </ClInclude>
    <ClInclude Include="..\public\SkillObject_Base.h">
      <Filter>00. System\04. GameObject\SkillObject_Base</Filter>
    </ClInclude>
    <ClInclude Include="..\public\SkillObjectSpawner.h" />
  </ItemGroup>
  <ItemGroup>
    <FxCompile Include="..\..\Shaders\Shader_Deffered.hlsl">
      <Filter>01. Utility\98. Shaders</Filter>
    </FxCompile>
  </ItemGroup>
</Project>