<?xml version="1.0" encoding="utf-8"?>
<Project ToolsVersion="4.0" xmlns="http://schemas.microsoft.com/developer/msbuild/2003">
  <ItemGroup>
    <Filter Include="99. ETC">
      <UniqueIdentifier>{abc407db-dd3f-4180-a2f9-ea688f8ce102}</UniqueIdentifier>
    </Filter>
    <Filter Include="01. MainApplication">
      <UniqueIdentifier>{1c92be80-c5c7-419a-81e5-19643d43a155}</UniqueIdentifier>
    </Filter>
    <Filter Include="00. Default">
      <UniqueIdentifier>{1cc99351-da81-4feb-a1cf-61546807521f}</UniqueIdentifier>
    </Filter>
    <Filter Include="99. ETC\99. Andromeda">
      <UniqueIdentifier>{711d6e55-3e50-4bc7-8a41-e71fbae54572}</UniqueIdentifier>
    </Filter>
    <Filter Include="02. Level">
      <UniqueIdentifier>{abc7f2c2-9af7-47f0-9621-b48aaf60ab10}</UniqueIdentifier>
    </Filter>
    <Filter Include="02. Level\Loading">
      <UniqueIdentifier>{02313480-7853-487f-b3ec-5e32ba7be068}</UniqueIdentifier>
    </Filter>
    <Filter Include="02. Level\Logo">
      <UniqueIdentifier>{1cdeefb3-8ba8-48fd-8354-bfe672cfa1ed}</UniqueIdentifier>
    </Filter>
    <Filter Include="02. Level\Dev">
      <UniqueIdentifier>{a2daef10-3d20-4e39-ace1-5ff40c2ab0d2}</UniqueIdentifier>
    </Filter>
    <Filter Include="02. Level\Loading\Loader">
      <UniqueIdentifier>{a017ef8a-3027-4490-9479-8f057105a565}</UniqueIdentifier>
    </Filter>
    <Filter Include="03. GameObject">
      <UniqueIdentifier>{a7a14a28-2c21-4edb-abba-6dabdc557803}</UniqueIdentifier>
    </Filter>
    <Filter Include="04. Shaders">
      <UniqueIdentifier>{9b30a852-67af-41c8-9c5d-c9d45304bb23}</UniqueIdentifier>
    </Filter>
    <Filter Include="04. Shaders\Defines">
      <UniqueIdentifier>{354ebfed-a9d5-464c-b65e-bc8fefcfb1ca}</UniqueIdentifier>
    </Filter>
    <Filter Include="05. Component">
      <UniqueIdentifier>{2840f41b-a1b7-48e7-80d9-efb16a70f794}</UniqueIdentifier>
    </Filter>
    <Filter Include="03. GameObject\PartObjects">
      <UniqueIdentifier>{857375ad-fa5b-46b0-b8a5-75a651a83f05}</UniqueIdentifier>
    </Filter>
    <Filter Include="03. GameObject\ContainerObjects">
      <UniqueIdentifier>{7a4b362a-5ea3-453e-979f-d9a4d63a2fdb}</UniqueIdentifier>
    </Filter>
    <Filter Include="03. GameObject\PartObjects\Weapon">
      <UniqueIdentifier>{74389417-ab77-4580-bc06-75bc82155129}</UniqueIdentifier>
    </Filter>
    <Filter Include="03. GameObject\PartObjects\Body">
      <UniqueIdentifier>{b0685f87-5255-4a4d-9d54-0e57567a0262}</UniqueIdentifier>
    </Filter>
    <Filter Include="03. GameObject\ContainerObjects\Player">
      <UniqueIdentifier>{a33c3f2f-f91e-4679-99a5-8e41ac14bd64}</UniqueIdentifier>
    </Filter>
    <Filter Include="03. GameObject\PartObjects\ColliderPart">
      <UniqueIdentifier>{f8d10d8d-a30c-435a-a8b3-f1c6c5c3150d}</UniqueIdentifier>
    </Filter>
    <Filter Include="05. Component\ActionState">
      <UniqueIdentifier>{c750c7a8-fbd8-4dfa-aae4-0289d588a174}</UniqueIdentifier>
    </Filter>
    <Filter Include="05. Component\ControlContext">
      <UniqueIdentifier>{6eae1188-805a-4682-97be-f5878859d316}</UniqueIdentifier>
    </Filter>
    <Filter Include="06. FSM">
      <UniqueIdentifier>{890fa858-1135-4621-8559-afa2d60f5830}</UniqueIdentifier>
    </Filter>
    <Filter Include="06. FSM\Player">
      <UniqueIdentifier>{3b0a3893-3375-41c4-a798-28dd2bc3cfc8}</UniqueIdentifier>
    </Filter>
    <Filter Include="06. FSM\Player\Idle">
      <UniqueIdentifier>{51b09a75-0a10-4351-89ee-c56fb121e232}</UniqueIdentifier>
    </Filter>
    <Filter Include="05. Component\Stat">
      <UniqueIdentifier>{2ced342f-5042-4404-83a0-64377d92387f}</UniqueIdentifier>
    </Filter>
    <Filter Include="03. GameObject\Camera">
      <UniqueIdentifier>{4ef88d48-f7cf-4d3e-bc7a-24d09855396e}</UniqueIdentifier>
    </Filter>
    <Filter Include="02. Level\Loading">
      <UniqueIdentifier>{02313480-7853-487f-b3ec-5e32ba7be068}</UniqueIdentifier>
    </Filter>
    <Filter Include="02. Level\Loading\Loader">
      <UniqueIdentifier>{a017ef8a-3027-4490-9479-8f057105a565}</UniqueIdentifier>
    </Filter>
    <Filter Include="99. ETC\pch">
      <UniqueIdentifier>{1afcebe2-6c14-4448-ab52-4236696f383f}</UniqueIdentifier>
    </Filter>
    <Filter Include="06. FSM\Player\Walk">
      <UniqueIdentifier>{f456fcb9-eb8a-4e62-a71e-9280f9418c9a}</UniqueIdentifier>
    </Filter>
    <Filter Include="06. FSM\Player\Crouch">
      <UniqueIdentifier>{dfb42709-e9fb-456f-9d70-d5bdb692f4bc}</UniqueIdentifier>
    </Filter>
    <Filter Include="06. FSM\Player\CrouchWalk">
      <UniqueIdentifier>{3ed84ef1-3005-427c-ad9a-beb498c85016}</UniqueIdentifier>
    </Filter>
    <Filter Include="06. FSM\Player\Slide">
      <UniqueIdentifier>{d359c49f-cb70-4c7a-82b5-06291589e9b8}</UniqueIdentifier>
    </Filter>
    <Filter Include="06. FSM\Player\Jump">
      <UniqueIdentifier>{0dee20d9-64b8-4bae-b0af-6b27ead1c2fb}</UniqueIdentifier>
    </Filter>
    <Filter Include="06. FSM\Player\DashBack">
      <UniqueIdentifier>{902bc6b0-2606-46cf-902c-e58daa3a16a9}</UniqueIdentifier>
    </Filter>
    <Filter Include="06. FSM\Player\DashSky">
      <UniqueIdentifier>{39a224de-7994-4a34-8213-33de7f2ffb80}</UniqueIdentifier>
    </Filter>
    <Filter Include="06. FSM\Player\JumpDouble">
      <UniqueIdentifier>{babc7b21-f2cf-49a6-a5b4-39e81cfc1a62}</UniqueIdentifier>
    </Filter>
    <Filter Include="06. FSM\Player\JumpBullet">
      <UniqueIdentifier>{035d7d4f-91a6-4344-a226-becb5c53f751}</UniqueIdentifier>
    </Filter>
    <Filter Include="06. FSM\Player\JumpBack">
      <UniqueIdentifier>{8fe83029-b209-4452-9cc7-cc96e5d5d63e}</UniqueIdentifier>
    </Filter>
    <Filter Include="06. FSM\Player\RunLoop">
      <UniqueIdentifier>{c33da02f-066b-4006-81bb-214583043915}</UniqueIdentifier>
    </Filter>
    <Filter Include="06. FSM\Player\RunShort">
      <UniqueIdentifier>{94a246c4-b42f-494a-aad5-0ee9bf6ba581}</UniqueIdentifier>
    </Filter>
    <Filter Include="03. GameObject\UIObjects">
      <UniqueIdentifier>{b8fa4419-f65b-4ff0-9246-77dad0e88328}</UniqueIdentifier>
    </Filter>
    <Filter Include="06. FSM\Player\Fall">
      <UniqueIdentifier>{058d7e2d-7dc5-46cd-ae4f-e96fbf12fcfe}</UniqueIdentifier>
    </Filter>
    <Filter Include="06. FSM\Player\Land">
      <UniqueIdentifier>{90a3215f-abb6-4b46-85cd-612282d4f9cb}</UniqueIdentifier>
    </Filter>
    <Filter Include="07. System">
      <UniqueIdentifier>{2791cb25-3e1a-4608-9186-fe30589113cf}</UniqueIdentifier>
    </Filter>
    <Filter Include="07. System\01. Builder">
      <UniqueIdentifier>{77a673f3-430b-46eb-bcc9-6f9bd3b5dd56}</UniqueIdentifier>
    </Filter>
    <Filter Include="03. GameObject\EffectObject">
      <UniqueIdentifier>{92c0cd51-e66c-4b79-afa4-76c22a867df3}</UniqueIdentifier>
    </Filter>
    <Filter Include="03. GameObject\PhysicsTerrain">
      <UniqueIdentifier>{685e6485-a2ca-4006-9535-8434d576b1ec}</UniqueIdentifier>
    </Filter>
    <Filter Include="03. GameObject\EffectObject\Parent_Effect">
      <UniqueIdentifier>{8cd88b80-877f-4e92-8aa2-40f15afde9e4}</UniqueIdentifier>
    </Filter>
    <Filter Include="03. GameObject\EffectObject\Child_Effect">
      <UniqueIdentifier>{b42020a7-95bc-4264-b992-20809b8a58c6}</UniqueIdentifier>
    </Filter>
    <Filter Include="07. System\01. Builder\UI">
      <UniqueIdentifier>{c030ae43-15b7-4d22-8ca7-b55ab7fdc119}</UniqueIdentifier>
    </Filter>
    <Filter Include="03. GameObject\UIObjects\00.Manager">
      <UniqueIdentifier>{7559622c-8d80-4e5c-81bd-e123eb0f162c}</UniqueIdentifier>
    </Filter>
    <Filter Include="03. GameObject\UIObjects\01.Canvas">
      <UniqueIdentifier>{bef61798-c2ef-48e4-8db0-faf0d1677c2d}</UniqueIdentifier>
    </Filter>
    <Filter Include="06. FSM\Player\Attack">
      <UniqueIdentifier>{7ebbc28f-6b61-485b-b6e8-1bfe363c2de3}</UniqueIdentifier>
    </Filter>
    <Filter Include="03. GameObject\MapObject">
      <UniqueIdentifier>{b160eafb-0791-4bab-a9f6-d8d8d7b9532c}</UniqueIdentifier>
    </Filter>
    <Filter Include="03. GameObject\MapObject\00. MapObject">
      <UniqueIdentifier>{02ac1ef5-8c12-472a-910e-35678c60e01f}</UniqueIdentifier>
    </Filter>
    <Filter Include="03. GameObject\MapObject\01. StaticModel">
      <UniqueIdentifier>{f8de0721-b0eb-4bf1-9048-74bfbfacf39f}</UniqueIdentifier>
    </Filter>
    <Filter Include="07. System\01. Builder\Map">
      <UniqueIdentifier>{8c8cb986-b28e-4058-aca0-3a2b0b85e2e0}</UniqueIdentifier>
    </Filter>
    <Filter Include="03. GameObject\MapObject\02. InstanceModel">
      <UniqueIdentifier>{2be52ba2-2a45-42f4-aa0d-4f0d8e44cbe8}</UniqueIdentifier>
    </Filter>
    <Filter Include="04. Shaders\ComputeShader_Labs">
      <UniqueIdentifier>{8c14e548-7930-4ec0-b748-e471998a55b9}</UniqueIdentifier>
    </Filter>
    <Filter Include="99. ETC\01. ImGui">
      <UniqueIdentifier>{aa2685d2-18f6-417c-ba8e-cf78608c7618}</UniqueIdentifier>
    </Filter>
    <Filter Include="07. System\02. Debug_ImGui">
      <UniqueIdentifier>{d4543967-6d08-419a-ad9e-aa4e953bd61f}</UniqueIdentifier>
    </Filter>
    <Filter Include="07. System\02. Debug_ImGui\Inspector">
      <UniqueIdentifier>{82f89ad1-c551-4868-8388-3d21f36c43d8}</UniqueIdentifier>
    </Filter>
    <Filter Include="07. System\02. Debug_ImGui\ImGuiBase">
      <UniqueIdentifier>{9fbb367b-4faa-448c-a302-857cca40b4ea}</UniqueIdentifier>
    </Filter>
    <Filter Include="07. System\02. Debug_ImGui\Inspector\Player">
      <UniqueIdentifier>{e56eb5ab-6ccc-4be7-935b-8756a82b5757}</UniqueIdentifier>
    </Filter>
    <Filter Include="07. System\02. Debug_ImGui\Layout">
      <UniqueIdentifier>{1dbf159f-2786-4b5f-a54a-a7fa44eac4d0}</UniqueIdentifier>
    </Filter>
    <Filter Include="07. System\02. Debug_ImGui\Layout\Transform">
      <UniqueIdentifier>{75112bf1-2fde-4f84-a058-ff26cbe40c27}</UniqueIdentifier>
    </Filter>
    <Filter Include="07. System\02. Debug_ImGui\Layout\ActionState">
      <UniqueIdentifier>{08101873-1d09-4a2d-9022-d599b7d73c9d}</UniqueIdentifier>
    </Filter>
    <Filter Include="04. Shaders\ComputeShader_Labs">
      <UniqueIdentifier>{8c14e548-7930-4ec0-b748-e471998a55b9}</UniqueIdentifier>
    </Filter>
    <Filter Include="03. GameObject\UIObjects\02.UI">
      <UniqueIdentifier>{6d2a781d-ab40-4385-b96c-b3366f4eaba6}</UniqueIdentifier>
    </Filter>
    <Filter Include="03. GameObject\UIObjects\02.UI\Image">
      <UniqueIdentifier>{6d340ec4-9fd3-485b-bb1c-8989cfd57761}</UniqueIdentifier>
    </Filter>
    <Filter Include="03. GameObject\UIObjects\02.UI\Image\JustImage">
      <UniqueIdentifier>{fd843193-a085-4c64-9708-e0849b95da7d}</UniqueIdentifier>
    </Filter>
    <Filter Include="03. GameObject\UIObjects\02.UI\Progress Bar">
      <UniqueIdentifier>{bd7da17c-04aa-4842-8652-0f67ca4cf8ad}</UniqueIdentifier>
    </Filter>
    <Filter Include="03. GameObject\UIObjects\02.UI\Text">
      <UniqueIdentifier>{4c552970-7965-46f3-85ec-73d256c4eba8}</UniqueIdentifier>
    </Filter>
    <Filter Include="07. System\02. Debug_ImGui\Layout\Frustrum">
      <UniqueIdentifier>{bfce2568-6c1b-4d14-9071-f78dd8aba44c}</UniqueIdentifier>
    </Filter>
    <Filter Include="07. System\02. Debug_ImGui\Inspector\Global">
      <UniqueIdentifier>{ff13b3dc-1ddc-457a-a989-4a75e72737e2}</UniqueIdentifier>
    </Filter>
    <Filter Include="07. System\01. Builder\Builder_AttackOverlap">
      <UniqueIdentifier>{c1589ec0-b521-4810-8e66-71ed1cf97227}</UniqueIdentifier>
    </Filter>
    <Filter Include="03. GameObject\ContainerObjects\Monster">
      <UniqueIdentifier>{a9cba2b5-38c2-4050-8518-588960127889}</UniqueIdentifier>
    </Filter>
    <Filter Include="03. GameObject\UIObjects\02.UI\Trigger">
      <UniqueIdentifier>{48b4a088-d124-4a5f-a826-7eac6ea855f7}</UniqueIdentifier>
    </Filter>
    <Filter Include="03. GameObject\UIObjects\02.UI\Image\Dynamic Image">
      <UniqueIdentifier>{3a479948-c2c8-4326-9dcd-9a9c7536eb7e}</UniqueIdentifier>
    </Filter>
    <Filter Include="03. GameObject\UIObjects\02.UI\Image\Dynamic Image\00.SkillBG">
      <UniqueIdentifier>{f1acf951-62e0-4e8b-b106-6fd9b77c5697}</UniqueIdentifier>
    </Filter>
    <Filter Include="07. System\02. Debug_ImGui\Layout\Frame">
      <UniqueIdentifier>{26872d9e-983a-47c0-940f-aa4b37bb39e5}</UniqueIdentifier>
    </Filter>
    <Filter Include="03. GameObject\UIObjects\02.UI\Image\Dynamic Image\02.HoverImage">
      <UniqueIdentifier>{871de243-5883-42bb-b109-9645901ce4d2}</UniqueIdentifier>
    </Filter>
    <Filter Include="03. GameObject\UIObjects\02.UI\Image\Dynamic Image\01.Minimap">
      <UniqueIdentifier>{f89b605a-01f2-485c-87d7-f34d36eeef01}</UniqueIdentifier>
    </Filter>
    <Filter Include="07. System\02. Debug_ImGui\Layout\Frame">
      <UniqueIdentifier>{26872d9e-983a-47c0-940f-aa4b37bb39e5}</UniqueIdentifier>
    </Filter>
    <Filter Include="04. Shaders\ComputeShaders">
      <UniqueIdentifier>{f29a8226-048f-4c41-b7e7-685b07e919a6}</UniqueIdentifier>
    </Filter>
    <Filter Include="04. Shaders\ComputeShaders\Animation">
      <UniqueIdentifier>{e1116719-99e0-40e9-9464-40e6a3d04d71}</UniqueIdentifier>
    </Filter>
    <Filter Include="04. Shaders\ComputeShaders\Effect">
      <UniqueIdentifier>{a5cd0610-f7dc-4f6d-ba0f-ebf5e8e2dd1e}</UniqueIdentifier>
    </Filter>
    <Filter Include="03. GameObject\PartObjects\Weapon\Sword">
      <UniqueIdentifier>{9716c9b5-cecc-4233-af3e-15a59a69c7e1}</UniqueIdentifier>
    </Filter>
    <Filter Include="03. GameObject\PartObjects\Weapon\Gun">
      <UniqueIdentifier>{6a93f015-83a7-4ad9-a084-d7e71fa8f3a4}</UniqueIdentifier>
    </Filter>
    <Filter Include="03. GameObject\UIObjects\02.UI\Image\Dynamic Image\03.MenuImage">
      <UniqueIdentifier>{41ffc1c4-c6ab-4e1e-8a96-b2da6de22285}</UniqueIdentifier>
    </Filter>
    <Filter Include="03. GameObject\UIObjects\02.UI\Trigger\00.Basic">
      <UniqueIdentifier>{ddd0e1e9-b54e-4f7e-b25d-40433ae876b3}</UniqueIdentifier>
    </Filter>
    <Filter Include="03. GameObject\UIObjects\02.UI\Trigger\01.MenuTab">
      <UniqueIdentifier>{13d70f3a-1964-4c43-a1e8-30b582165d71}</UniqueIdentifier>
    </Filter>
    <Filter Include="03. GameObject\UIObjects\02.UI\Trigger\02.Menu Exit">
      <UniqueIdentifier>{63c9a3d7-bedc-44a7-89d4-febe6b9de520}</UniqueIdentifier>
    </Filter>
    <Filter Include="03. GameObject\UIObjects\02.UI\Text\Menu Text">
      <UniqueIdentifier>{c8f806c3-d027-4861-9696-bc78504a554a}</UniqueIdentifier>
    </Filter>
    <Filter Include="03. GameObject\UIObjects\02.UI\Text\Stat Text">
      <UniqueIdentifier>{ba675289-98b0-43ba-990d-7137e8849731}</UniqueIdentifier>
    </Filter>
    <Filter Include="07. System\01. Builder\Effect">
      <UniqueIdentifier>{0a51c3b4-11ce-445a-904c-410b2a5ef809}</UniqueIdentifier>
    </Filter>
    <Filter Include="07. System\01. Builder\Effect\Builder_Effect">
      <UniqueIdentifier>{9c580bfd-a983-4b3f-a72a-f1da0a5c9270}</UniqueIdentifier>
    </Filter>
    <Filter Include="07. System\01. Builder\Effect\Builder_EffectEvent">
      <UniqueIdentifier>{5d286e09-eee0-4b43-bcea-01a835550da6}</UniqueIdentifier>
    </Filter>
    <Filter Include="07. System\02. Debug_ImGui\Layout\Shader">
      <UniqueIdentifier>{241e78ea-3b24-473b-a83b-6c32e682ad95}</UniqueIdentifier>
    </Filter>
    <Filter Include="03. GameObject\UIObjects\02.UI\Image\Dynamic Image\03.MenuImage\00.OutLine">
      <UniqueIdentifier>{4abf4708-1f00-4a67-ba1b-f638539f3a5c}</UniqueIdentifier>
    </Filter>
    <Filter Include="06. FSM\Player\JumpWall">
      <UniqueIdentifier>{2c8ee512-8e94-467f-9f3f-35d518b8ff89}</UniqueIdentifier>
    </Filter>
    <Filter Include="05. Component\Stat\StatCom_Player">
      <UniqueIdentifier>{65804a62-163c-4d9e-96ad-c89ac5470b42}</UniqueIdentifier>
    </Filter>
    <Filter Include="06. FSM\Player\Attack\Skill">
      <UniqueIdentifier>{dd83cb06-e5bd-4fe7-b1be-9158657fc3cd}</UniqueIdentifier>
    </Filter>
    <Filter Include="06. FSM\Player\Attack\Skill\Moon">
      <UniqueIdentifier>{819a5a47-1ce5-46ea-a5d0-0a4366274373}</UniqueIdentifier>
    </Filter>
    <Filter Include="05. Component\Skill">
      <UniqueIdentifier>{ff5cd5bd-4f3c-4bba-bad3-c7d7d49ea3e6}</UniqueIdentifier>
    </Filter>
    <Filter Include="06. FSM\Player\Attack\Melee">
      <UniqueIdentifier>{5fdc8b96-aa89-4637-89ee-222e7dac7a3a}</UniqueIdentifier>
    </Filter>
    <Filter Include="06. FSM\Player\Attack\Melee\Charge">
      <UniqueIdentifier>{8d34a4fe-fb74-4b4a-8394-d30c20aad791}</UniqueIdentifier>
    </Filter>
    <Filter Include="06. FSM\Player\Attack\Melee\Charge\Moon">
      <UniqueIdentifier>{0bbe0d25-2846-4ad0-a29a-034d6e7f149a}</UniqueIdentifier>
    </Filter>
    <Filter Include="06. FSM\Player\Attack\Melee\Combo">
      <UniqueIdentifier>{c441f698-d661-4b43-9a38-86ca6478bcfe}</UniqueIdentifier>
    </Filter>
    <Filter Include="06. FSM\Player\Attack\Melee\Combo\Moon">
      <UniqueIdentifier>{03a248e9-eb08-4143-a1f8-99a1bbf2dbc8}</UniqueIdentifier>
    </Filter>
    <Filter Include="06. FSM\Player\Attack\Melee\JumpAtt">
      <UniqueIdentifier>{448e7000-60b0-4cf4-88e5-7cd7d5e945e8}</UniqueIdentifier>
    </Filter>
    <Filter Include="06. FSM\Player\Attack\Gun">
      <UniqueIdentifier>{00f67508-9a6b-4c59-9832-98f058c8b1a5}</UniqueIdentifier>
    </Filter>
    <Filter Include="05. Component\Skill\Moon">
      <UniqueIdentifier>{967b52e8-d189-41cf-b480-c8f0f6d3fe01}</UniqueIdentifier>
    </Filter>
    <Filter Include="03. GameObject\UIObjects\02.UI\Text\Loading Text">
      <UniqueIdentifier>{0ebf2b41-2b05-4ee9-a49a-641d42db1c72}</UniqueIdentifier>
    </Filter>
    <Filter Include="03. GameObject\UIObjects\02.UI\Progress Bar\Loading">
      <UniqueIdentifier>{5d46b6c3-a13f-4703-a848-708f9a73243a}</UniqueIdentifier>
    </Filter>
    <Filter Include="03. GameObject\UIObjects\02.UI\Progress Bar\Stat">
      <UniqueIdentifier>{2ad35cd2-80d4-4363-8d53-affc1c049ae8}</UniqueIdentifier>
    </Filter>
    <Filter Include="03. GameObject\UIObjects\02.UI\Image\Dynamic Image\04.LoadingImage">
      <UniqueIdentifier>{7f017932-b1db-4253-9356-3b8cd034857d}</UniqueIdentifier>
    </Filter>
  </ItemGroup>
  <ItemGroup>
    <ClInclude Include="targetver.h">
      <Filter>99. ETC\99. Andromeda</Filter>
    </ClInclude>
    <ClInclude Include="framework.h">
      <Filter>99. ETC\99. Andromeda</Filter>
    </ClInclude>
    <ClInclude Include="Resource.h">
      <Filter>99. ETC\99. Andromeda</Filter>
    </ClInclude>
    <ClInclude Include="Client.h">
      <Filter>00. Default</Filter>
    </ClInclude>
    <ClInclude Include="..\Public\MainApplication.h">
      <Filter>01. MainApplication</Filter>
    </ClInclude>
    <ClInclude Include="..\Public\Client_Defines.h">
      <Filter>99. ETC</Filter>
    </ClInclude>
    <ClInclude Include="..\Public\Client_EventDefine.h">
      <Filter>99. ETC</Filter>
    </ClInclude>
    <ClInclude Include="..\Public\Level_Loading.h">
      <Filter>02. Level\Loading</Filter>
    </ClInclude>
    <ClInclude Include="..\Public\Level_Logo.h">
      <Filter>02. Level\Logo</Filter>
    </ClInclude>
    <ClInclude Include="..\Public\Loader.h">
      <Filter>02. Level\Loading\Loader</Filter>
    </ClInclude>
    <ClInclude Include="..\Public\ColliderPart.h">
      <Filter>03. GameObject\PartObjects\ColliderPart</Filter>
    </ClInclude>
    <ClInclude Include="..\Public\Weapon.h">
      <Filter>03. GameObject\PartObjects\Weapon</Filter>
    </ClInclude>
    <ClInclude Include="..\Public\Body.h">
      <Filter>03. GameObject\PartObjects\Body</Filter>
    </ClInclude>
    <ClInclude Include="..\Public\PlayerActionState.h">
      <Filter>05. Component\ActionState</Filter>
    </ClInclude>
    <ClInclude Include="..\Public\PlayerControlContext.h">
      <Filter>05. Component\ControlContext</Filter>
    </ClInclude>
    <ClInclude Include="..\Public\State_Idle.h">
      <Filter>06. FSM\Player\Idle</Filter>
    </ClInclude>
    <ClInclude Include="..\Public\MainPlayer.h">
      <Filter>03. GameObject\ContainerObjects\Player</Filter>
    </ClInclude>
    <ClInclude Include="..\Public\Player.h">
      <Filter>03. GameObject\ContainerObjects\Player</Filter>
    </ClInclude>
    <ClInclude Include="..\Public\StatComponent.h">
      <Filter>05. Component\Stat</Filter>
    </ClInclude>
    <ClInclude Include="..\Public\CameraMan_Targeter.h">
      <Filter>03. GameObject\Camera</Filter>
    </ClInclude>
    <ClInclude Include="pch.h">
      <Filter>99. ETC\pch</Filter>
    </ClInclude>
    <ClInclude Include="..\Public\StateBase_Player.h">
      <Filter>06. FSM\Player</Filter>
    </ClInclude>
    <ClInclude Include="..\Public\State_Walk.h">
      <Filter>06. FSM\Player\Walk</Filter>
    </ClInclude>
    <ClInclude Include="..\Public\State_RunLoop.h">
      <Filter>06. FSM\Player\RunLoop</Filter>
    </ClInclude>
    <ClInclude Include="..\Public\State_Crouch.h">
      <Filter>06. FSM\Player\Crouch</Filter>
    </ClInclude>
    <ClInclude Include="..\Public\State_CrouchWalk.h">
      <Filter>06. FSM\Player\CrouchWalk</Filter>
    </ClInclude>
    <ClInclude Include="..\Public\State_DashBack.h">
      <Filter>06. FSM\Player\DashBack</Filter>
    </ClInclude>
    <ClInclude Include="..\Public\State_DashSky.h">
      <Filter>06. FSM\Player\DashSky</Filter>
    </ClInclude>
    <ClInclude Include="..\Public\State_Jump.h">
      <Filter>06. FSM\Player\Jump</Filter>
    </ClInclude>
    <ClInclude Include="..\Public\State_JumpDouble.h">
      <Filter>06. FSM\Player\JumpDouble</Filter>
    </ClInclude>
    <ClInclude Include="..\Public\State_JumpBullet.h">
      <Filter>06. FSM\Player\JumpBullet</Filter>
    </ClInclude>
    <ClInclude Include="..\Public\State_JumpBack.h">
      <Filter>06. FSM\Player\JumpBack</Filter>
    </ClInclude>
    <ClInclude Include="..\Public\State_RunShort.h">
      <Filter>06. FSM\Player\RunShort</Filter>
    </ClInclude>
    <ClInclude Include="..\Public\State_Slide.h">
      <Filter>06. FSM\Player\Slide</Filter>
    </ClInclude>
    <ClInclude Include="..\Public\UI_Manager.h">
      <Filter>03. GameObject\UIObjects\00.Manager</Filter>
    </ClInclude>
    <ClInclude Include="..\Public\State_Fall.h">
      <Filter>06. FSM\Player\Fall</Filter>
    </ClInclude>
    <ClInclude Include="..\Public\State_Land.h">
      <Filter>06. FSM\Player\Land</Filter>
    </ClInclude>
    <ClInclude Include="..\public\Builder_Example.h">
      <Filter>07. System\01. Builder</Filter>
    </ClInclude>
    <ClInclude Include="..\Public\Physics_Terrain.h">
      <Filter>03. GameObject\PhysicsTerrain</Filter>
    </ClInclude>
    <ClInclude Include="..\Public\Effect.h">
      <Filter>03. GameObject\EffectObject\Parent_Effect</Filter>
    </ClInclude>
    <ClInclude Include="..\Public\EffectObject.h">
      <Filter>03. GameObject\EffectObject\Child_Effect</Filter>
    </ClInclude>
    <ClInclude Include="..\Public\Builder_UI.h">
      <Filter>07. System\01. Builder\UI</Filter>
    </ClInclude>
    <ClInclude Include="..\Public\GenericUI.h">
      <Filter>03. GameObject\UIObjects\02.UI</Filter>
    </ClInclude>
    <ClInclude Include="..\Public\Canvas.h">
      <Filter>03. GameObject\UIObjects\01.Canvas</Filter>
    </ClInclude>
    <ClInclude Include="..\Public\Physics_LandScape.h">
      <Filter>03. GameObject\PhysicsTerrain</Filter>
    </ClInclude>
    <ClInclude Include="..\Public\MapObject.h">
      <Filter>03. GameObject\MapObject\00. MapObject</Filter>
    </ClInclude>
    <ClInclude Include="..\Public\StaticObject.h">
      <Filter>03. GameObject\MapObject\01. StaticModel</Filter>
    </ClInclude>
    <ClInclude Include="..\Public\Builder_Map.h">
      <Filter>07. System\01. Builder\Map</Filter>
    </ClInclude>
    <ClInclude Include="..\Public\imconfig.h">
      <Filter>99. ETC\01. ImGui</Filter>
    </ClInclude>
    <ClInclude Include="..\Public\imfilebrowser.h">
      <Filter>99. ETC\01. ImGui</Filter>
    </ClInclude>
    <ClInclude Include="..\Public\imgui.h">
      <Filter>99. ETC\01. ImGui</Filter>
    </ClInclude>
    <ClInclude Include="..\Public\imgui_impl_dx11.h">
      <Filter>99. ETC\01. ImGui</Filter>
    </ClInclude>
    <ClInclude Include="..\Public\imgui_impl_win32.h">
      <Filter>99. ETC\01. ImGui</Filter>
    </ClInclude>
    <ClInclude Include="..\Public\imgui_internal.h">
      <Filter>99. ETC\01. ImGui</Filter>
    </ClInclude>
    <ClInclude Include="..\Public\imgui_stdlib.h">
      <Filter>99. ETC\01. ImGui</Filter>
    </ClInclude>
    <ClInclude Include="..\Public\imstb_rectpack.h">
      <Filter>99. ETC\01. ImGui</Filter>
    </ClInclude>
    <ClInclude Include="..\Public\imstb_textedit.h">
      <Filter>99. ETC\01. ImGui</Filter>
    </ClInclude>
    <ClInclude Include="..\Public\imstb_truetype.h">
      <Filter>99. ETC\01. ImGui</Filter>
    </ClInclude>
    <ClInclude Include="..\public\ImGui_Inspector.h">
      <Filter>07. System\02. Debug_ImGui\Inspector</Filter>
    </ClInclude>
    <ClInclude Include="..\public\ImGuiBase.h">
      <Filter>07. System\02. Debug_ImGui\ImGuiBase</Filter>
    </ClInclude>
    <ClInclude Include="..\public\ImGui_TransformLayout.h">
      <Filter>07. System\02. Debug_ImGui\Layout\Transform</Filter>
    </ClInclude>
    <ClInclude Include="..\public\ImGui_StateLayout.h">
      <Filter>07. System\02. Debug_ImGui\Layout\ActionState</Filter>
    </ClInclude>
    <ClInclude Include="..\public\ImGui_PlayerInspector.h">
      <Filter>07. System\02. Debug_ImGui\Inspector\Player</Filter>
    </ClInclude>
    <ClInclude Include="..\Public\State_ComboBase.h">
      <Filter>06. FSM\Player\Attack\Melee\Combo</Filter>
    </ClInclude>
    <ClInclude Include="..\Public\State_MoonCombo.h">
      <Filter>06. FSM\Player\Attack\Melee\Combo\Moon</Filter>
    </ClInclude>
    <ClInclude Include="..\Public\UIJust_Image.h">
      <Filter>03. GameObject\UIObjects\02.UI\Image\JustImage</Filter>
    </ClInclude>
    <ClInclude Include="..\Public\UISkill_BG.h">
      <Filter>03. GameObject\UIObjects\02.UI\Image\Dynamic Image\00.SkillBG</Filter>
    </ClInclude>
    <ClInclude Include="..\Public\UIProgress_Bar.h">
      <Filter>03. GameObject\UIObjects\02.UI\Progress Bar</Filter>
    </ClInclude>
    <ClInclude Include="..\Public\UIText.h">
      <Filter>03. GameObject\UIObjects\02.UI\Text</Filter>
    </ClInclude>
    <ClInclude Include="..\public\ImGui_FrustrumLayout.h">
      <Filter>07. System\02. Debug_ImGui\Layout\Frustrum</Filter>
    </ClInclude>
    <ClInclude Include="..\public\ImGui_GlobalInspector.h">
      <Filter>07. System\02. Debug_ImGui\Inspector\Global</Filter>
    </ClInclude>
    <ClInclude Include="..\Public\Builder_AttackOverlap.h">
      <Filter>07. System\01. Builder\Builder_AttackOverlap</Filter>
    </ClInclude>
    <ClInclude Include="..\Public\Monster_Dummy.h">
      <Filter>03. GameObject\ContainerObjects\Monster</Filter>
    </ClInclude>
    <ClInclude Include="..\Public\UITrigger.h">
      <Filter>03. GameObject\UIObjects\02.UI\Trigger</Filter>
    </ClInclude>
    <ClInclude Include="..\Public\UIDynamic_Image.h">
      <Filter>03. GameObject\UIObjects\02.UI\Image\Dynamic Image</Filter>
    </ClInclude>
    <ClInclude Include="..\Public\UIMini_Map.h">
      <Filter>03. GameObject\UIObjects\02.UI\Image\Dynamic Image\01.Minimap</Filter>
    </ClInclude>
    <ClInclude Include="..\Public\UIButton_Trigger.h">
      <Filter>03. GameObject\UIObjects\02.UI\Trigger</Filter>
    </ClInclude>
    <ClInclude Include="..\public\ImGui_Layout.h">
      <Filter>07. System\02. Debug_ImGui\Layout</Filter>
    </ClInclude>
    <ClInclude Include="..\Public\ImGui_FrameLayout.h">
      <Filter>07. System\02. Debug_ImGui\Layout\Frame</Filter>
    </ClInclude>
    <ClInclude Include="..\public\ImGui_ClientDebug.h">
      <Filter>07. System\02. Debug_ImGui</Filter>
    </ClInclude>
    <ClInclude Include="..\Public\Sword.h">
      <Filter>03. GameObject\PartObjects\Weapon\Sword</Filter>
    </ClInclude>
    <ClInclude Include="..\Public\UIHover_Image.h">
      <Filter>03. GameObject\UIObjects\02.UI\Image\Dynamic Image\02.HoverImage</Filter>
    </ClInclude>
    <ClInclude Include="..\Public\State_JumpWall.h">
      <Filter>06. FSM\Player\JumpWall</Filter>
    </ClInclude>
    <ClInclude Include="..\Public\StatCom_Player.h">
      <Filter>05. Component\Stat\StatCom_Player</Filter>
    </ClInclude>
    <ClInclude Include="..\Public\State_JumpAttStart.h">
      <Filter>06. FSM\Player\Attack\Melee\JumpAtt</Filter>
    </ClInclude>
    <ClInclude Include="..\Public\State_JumpAttEnd.h">
      <Filter>06. FSM\Player\Attack\Melee\JumpAtt</Filter>
    </ClInclude>
    <ClInclude Include="..\Public\State_Charge.h">
      <Filter>06. FSM\Player\Attack\Melee\Charge</Filter>
    </ClInclude>
    <ClInclude Include="..\Public\UIMenu_Image.h">
      <Filter>03. GameObject\UIObjects\02.UI\Image\Dynamic Image\03.MenuImage</Filter>
    </ClInclude>
    <ClInclude Include="..\Public\UIMenu_Trigger.h">
      <Filter>03. GameObject\UIObjects\02.UI\Trigger\01.MenuTab</Filter>
    </ClInclude>
    <ClInclude Include="..\Public\UICommon_Trigger.h">
      <Filter>03. GameObject\UIObjects\02.UI\Trigger\00.Basic</Filter>
    </ClInclude>
    <ClInclude Include="..\Public\UIMenu_Exit_Trigger.h">
      <Filter>03. GameObject\UIObjects\02.UI\Trigger\02.Menu Exit</Filter>
    </ClInclude>
    <ClInclude Include="..\Public\UIMenu_Text.h">
      <Filter>03. GameObject\UIObjects\02.UI\Text\Menu Text</Filter>
    </ClInclude>
    <ClInclude Include="..\Public\UIPlayerStat_Text.h">
      <Filter>03. GameObject\UIObjects\02.UI\Text\Stat Text</Filter>
    </ClInclude>
    <ClInclude Include="..\Public\Builder_Effect.h">
      <Filter>07. System\01. Builder\Effect\Builder_Effect</Filter>
    </ClInclude>
    <ClInclude Include="..\Public\Builder_EffectEvent.h">
      <Filter>07. System\01. Builder\Effect\Builder_EffectEvent</Filter>
    </ClInclude>
    <ClInclude Include="..\public\ImGui_ShaderLayout.h">
      <Filter>07. System\02. Debug_ImGui\Layout\Shader</Filter>
    </ClInclude>
    <ClInclude Include="..\Public\UIMenu_OutLine.h">
      <Filter>03. GameObject\UIObjects\02.UI\Image\Dynamic Image\03.MenuImage\00.OutLine</Filter>
    </ClInclude>
    <ClInclude Include="..\Public\State_MoonCharge.h">
      <Filter>06. FSM\Player\Attack\Melee\Charge\Moon</Filter>
    </ClInclude>
    <ClInclude Include="..\Public\State_SkillBase.h">
      <Filter>06. FSM\Player\Attack\Skill</Filter>
    </ClInclude>
    <ClInclude Include="..\Public\State_MoonSkill.h">
      <Filter>06. FSM\Player\Attack\Skill\Moon</Filter>
    </ClInclude>
    <ClInclude Include="..\Public\SkillComponent.h">
      <Filter>05. Component\Skill</Filter>
    </ClInclude>
    <ClInclude Include="..\Public\SkillComp_MoonE.h">
      <Filter>05. Component\Skill\Moon</Filter>
    </ClInclude>
    <ClInclude Include="..\Public\SkillComp_MoonQ.h">
      <Filter>05. Component\Skill\Moon</Filter>
    </ClInclude>
    <ClInclude Include="..\Public\UILoading_Text.h">
      <Filter>03. GameObject\UIObjects\02.UI\Text\Loading Text</Filter>
    </ClInclude>
    <ClInclude Include="..\Public\UIPlayerStat_Progress.h">
      <Filter>03. GameObject\UIObjects\02.UI\Progress Bar\Stat</Filter>
    </ClInclude>
    <ClInclude Include="..\Public\UILoading_Progress.h">
      <Filter>03. GameObject\UIObjects\02.UI\Progress Bar\Loading</Filter>
    </ClInclude>
    <ClInclude Include="..\Public\UILoading_Image.h">
      <Filter>03. GameObject\UIObjects\02.UI\Image\Dynamic Image\04.LoadingImage</Filter>
    </ClInclude>
  </ItemGroup>
  <ItemGroup>
    <Image Include="Client.ico">
      <Filter>99. ETC\99. Andromeda</Filter>
    </Image>
    <Image Include="small.ico">
      <Filter>99. ETC\99. Andromeda</Filter>
    </Image>
  </ItemGroup>
  <ItemGroup>
    <ResourceCompile Include="Client.rc">
      <Filter>99. ETC\99. Andromeda</Filter>
    </ResourceCompile>
  </ItemGroup>
  <ItemGroup>
    <ClCompile Include="Client.cpp">
      <Filter>00. Default</Filter>
    </ClCompile>
    <ClCompile Include="..\Private\MainApplication.cpp">
      <Filter>01. MainApplication</Filter>
    </ClCompile>
    <ClCompile Include="..\Private\Level_Loading.cpp">
      <Filter>02. Level\Loading</Filter>
    </ClCompile>
    <ClCompile Include="..\Private\Level_Logo.cpp">
      <Filter>02. Level\Logo</Filter>
    </ClCompile>
    <ClCompile Include="..\Private\Loader.cpp">
      <Filter>02. Level\Loading\Loader</Filter>
    </ClCompile>
    <ClCompile Include="..\Private\ColliderPart.cpp">
      <Filter>03. GameObject\PartObjects\ColliderPart</Filter>
    </ClCompile>
    <ClCompile Include="..\Private\Weapon.cpp">
      <Filter>03. GameObject\PartObjects\Weapon</Filter>
    </ClCompile>
    <ClCompile Include="..\Private\Body.cpp">
      <Filter>03. GameObject\PartObjects\Body</Filter>
    </ClCompile>
    <ClCompile Include="..\Private\PlayerActionState.cpp">
      <Filter>05. Component\ActionState</Filter>
    </ClCompile>
    <ClCompile Include="..\Private\PlayerControlContext.cpp">
      <Filter>05. Component\ControlContext</Filter>
    </ClCompile>
    <ClCompile Include="..\Private\State_Idle.cpp">
      <Filter>06. FSM\Player\Idle</Filter>
    </ClCompile>
    <ClCompile Include="..\Private\MainPlayer.cpp">
      <Filter>03. GameObject\ContainerObjects\Player</Filter>
    </ClCompile>
    <ClCompile Include="..\Private\Player.cpp">
      <Filter>03. GameObject\ContainerObjects\Player</Filter>
    </ClCompile>
    <ClCompile Include="..\Private\StatComponent.cpp">
      <Filter>05. Component\Stat</Filter>
    </ClCompile>
    <ClCompile Include="..\Private\CameraMan_Targeter.cpp">
      <Filter>03. GameObject\Camera</Filter>
    </ClCompile>
    <ClCompile Include="pch.cpp">
      <Filter>99. ETC\pch</Filter>
    </ClCompile>
    <ClCompile Include="..\Private\StateBase_Player.cpp">
      <Filter>06. FSM\Player</Filter>
    </ClCompile>
    <ClCompile Include="..\Private\State_Crouch.cpp">
      <Filter>06. FSM\Player\Crouch</Filter>
    </ClCompile>
    <ClCompile Include="..\Private\State_CrouchWalk.cpp">
      <Filter>06. FSM\Player\CrouchWalk</Filter>
    </ClCompile>
    <ClCompile Include="..\Private\State_DashBack.cpp">
      <Filter>06. FSM\Player\DashBack</Filter>
    </ClCompile>
    <ClCompile Include="..\Private\State_DashSky.cpp">
      <Filter>06. FSM\Player\DashSky</Filter>
    </ClCompile>
    <ClCompile Include="..\Private\State_Jump.cpp">
      <Filter>06. FSM\Player\Jump</Filter>
    </ClCompile>
    <ClCompile Include="..\Private\State_JumpDouble.cpp">
      <Filter>06. FSM\Player\JumpDouble</Filter>
    </ClCompile>
    <ClCompile Include="..\Private\State_JumpBullet.cpp">
      <Filter>06. FSM\Player\JumpBullet</Filter>
    </ClCompile>
    <ClCompile Include="..\Private\State_JumpBack.cpp">
      <Filter>06. FSM\Player\JumpBack</Filter>
    </ClCompile>
    <ClCompile Include="..\Private\UI_Manager.cpp">
      <Filter>03. GameObject\UIObjects\00.Manager</Filter>
    </ClCompile>
    <ClCompile Include="..\Private\State_Fall.cpp">
      <Filter>06. FSM\Player\Fall</Filter>
    </ClCompile>
    <ClCompile Include="..\Private\State_Land.cpp">
      <Filter>06. FSM\Player\Land</Filter>
    </ClCompile>
    <ClCompile Include="..\private\Builder_Example.cpp">
      <Filter>07. System\01. Builder</Filter>
    </ClCompile>
    <ClCompile Include="..\Public\Physics_Terrain.cpp">
      <Filter>03. GameObject\PhysicsTerrain</Filter>
    </ClCompile>
    <ClCompile Include="..\Private\Effect.cpp">
      <Filter>03. GameObject\EffectObject\Parent_Effect</Filter>
    </ClCompile>
    <ClCompile Include="..\Private\EffectObject.cpp">
      <Filter>03. GameObject\EffectObject\Child_Effect</Filter>
    </ClCompile>
    <ClCompile Include="..\Private\Builder_UI.cpp">
      <Filter>07. System\01. Builder\UI</Filter>
    </ClCompile>
    <ClCompile Include="..\Private\GenericUI.cpp">
      <Filter>03. GameObject\UIObjects\02.UI</Filter>
    </ClCompile>
    <ClCompile Include="..\Private\Canvas.cpp">
      <Filter>03. GameObject\UIObjects\01.Canvas</Filter>
    </ClCompile>
    <ClCompile Include="..\Private\Physics_LandScape.cpp">
      <Filter>03. GameObject\PhysicsTerrain</Filter>
    </ClCompile>
    <ClCompile Include="..\Private\MapObject.cpp">
      <Filter>03. GameObject\MapObject\00. MapObject</Filter>
    </ClCompile>
    <ClCompile Include="..\Private\StaticObject.cpp">
      <Filter>03. GameObject\MapObject\01. StaticModel</Filter>
    </ClCompile>
    <ClCompile Include="..\Private\Builder_Map.cpp">
      <Filter>07. System\01. Builder\Map</Filter>
    </ClCompile>
    <ClCompile Include="..\Private\imgui_widgets.cpp">
      <Filter>99. ETC\01. ImGui</Filter>
    </ClCompile>
    <ClCompile Include="..\Private\imgui.cpp">
      <Filter>99. ETC\01. ImGui</Filter>
    </ClCompile>
    <ClCompile Include="..\Private\imgui_demo.cpp">
      <Filter>99. ETC\01. ImGui</Filter>
    </ClCompile>
    <ClCompile Include="..\Private\imgui_draw.cpp">
      <Filter>99. ETC\01. ImGui</Filter>
    </ClCompile>
    <ClCompile Include="..\Private\imgui_impl_dx11.cpp">
      <Filter>99. ETC\01. ImGui</Filter>
    </ClCompile>
    <ClCompile Include="..\Private\imgui_impl_win32.cpp">
      <Filter>99. ETC\01. ImGui</Filter>
    </ClCompile>
    <ClCompile Include="..\Private\imgui_stdlib.cpp">
      <Filter>99. ETC\01. ImGui</Filter>
    </ClCompile>
    <ClCompile Include="..\Private\imgui_tables.cpp">
      <Filter>99. ETC\01. ImGui</Filter>
    </ClCompile>
    <ClCompile Include="..\private\ImGui_Inspector.cpp">
      <Filter>07. System\02. Debug_ImGui\Inspector</Filter>
    </ClCompile>
    <ClCompile Include="..\private\ImGuiBase.cpp">
      <Filter>07. System\02. Debug_ImGui\ImGuiBase</Filter>
    </ClCompile>
    <ClCompile Include="..\private\ImGui_TransformLayout.cpp">
      <Filter>07. System\02. Debug_ImGui\Layout\Transform</Filter>
    </ClCompile>
    <ClCompile Include="..\private\ImGui_StateLayout.cpp">
      <Filter>07. System\02. Debug_ImGui\Layout\ActionState</Filter>
    </ClCompile>
    <ClCompile Include="..\private\ImGui_PlayerInspector.cpp">
      <Filter>07. System\02. Debug_ImGui\Inspector\Player</Filter>
    </ClCompile>
    <ClCompile Include="..\Private\UIJust_Image.cpp">
      <Filter>03. GameObject\UIObjects\02.UI\Image\JustImage</Filter>
    </ClCompile>
    <ClCompile Include="..\Private\UISkill_BG.cpp">
      <Filter>03. GameObject\UIObjects\02.UI\Image\Dynamic Image\00.SkillBG</Filter>
    </ClCompile>
    <ClCompile Include="..\Private\UIProgress_Bar.cpp">
      <Filter>03. GameObject\UIObjects\02.UI\Progress Bar</Filter>
    </ClCompile>
    <ClCompile Include="..\Private\UIText.cpp">
      <Filter>03. GameObject\UIObjects\02.UI\Text</Filter>
    </ClCompile>
    <ClCompile Include="..\private\ImGui_FrustrumLayout.cpp">
      <Filter>07. System\02. Debug_ImGui\Layout\Frustrum</Filter>
    </ClCompile>
    <ClCompile Include="..\private\ImGui_GlobalInspector.cpp">
      <Filter>07. System\02. Debug_ImGui\Inspector\Global</Filter>
    </ClCompile>
    <ClCompile Include="..\Private\Builder_AttackOverlap.cpp">
      <Filter>07. System\01. Builder\Builder_AttackOverlap</Filter>
    </ClCompile>
    <ClCompile Include="..\Private\Monster_Dummy.cpp">
      <Filter>03. GameObject\ContainerObjects\Monster</Filter>
    </ClCompile>
    <ClCompile Include="..\Private\UITrigger.cpp">
      <Filter>03. GameObject\UIObjects\02.UI\Trigger</Filter>
    </ClCompile>
    <ClCompile Include="..\Private\State_Walk.cpp">
      <Filter>06. FSM\Player\Walk</Filter>
    </ClCompile>
    <ClCompile Include="..\Private\State_RunLoop.cpp">
      <Filter>06. FSM\Player\RunLoop</Filter>
    </ClCompile>
    <ClCompile Include="..\Private\State_RunShort.cpp">
      <Filter>06. FSM\Player\RunShort</Filter>
    </ClCompile>
    <ClCompile Include="..\Private\State_Slide.cpp">
      <Filter>06. FSM\Player\Slide</Filter>
    </ClCompile>
    <ClCompile Include="..\Private\State_ComboBase.cpp">
      <Filter>06. FSM\Player\Attack\Melee\Combo</Filter>
    </ClCompile>
    <ClCompile Include="..\Private\State_MoonCombo.cpp">
      <Filter>06. FSM\Player\Attack\Melee\Combo\Moon</Filter>
    </ClCompile>
    <ClCompile Include="..\Private\UIMini_Map.cpp">
      <Filter>03. GameObject\UIObjects\02.UI\Image\Dynamic Image\01.Minimap</Filter>
    </ClCompile>
    <ClCompile Include="..\Private\UIButton_Trigger.cpp">
      <Filter>03. GameObject\UIObjects\02.UI\Trigger</Filter>
    </ClCompile>
    <ClCompile Include="..\private\ImGui_Layout.cpp">
      <Filter>07. System\02. Debug_ImGui\Layout</Filter>
    </ClCompile>
    <ClCompile Include="..\Private\ImGui_FrameLayout.cpp">
      <Filter>07. System\02. Debug_ImGui\Layout\Frame</Filter>
    </ClCompile>
    <ClCompile Include="..\private\ImGui_ClientDebug.cpp">
      <Filter>07. System\02. Debug_ImGui</Filter>
    </ClCompile>
    <ClCompile Include="..\Private\Sword.cpp">
      <Filter>03. GameObject\PartObjects\Weapon\Sword</Filter>
    </ClCompile>
    <ClCompile Include="..\Private\Builder_Effect.cpp">
      <Filter>07. System\01. Builder\Effect\Builder_Effect</Filter>
    </ClCompile>
    <ClCompile Include="..\Private\Builder_EffectEvent.cpp">
      <Filter>07. System\01. Builder\Effect\Builder_EffectEvent</Filter>
    </ClCompile>
    <ClCompile Include="..\Private\State_JumpWall.cpp">
      <Filter>06. FSM\Player\JumpWall</Filter>
    </ClCompile>
    <ClCompile Include="..\Private\UIHover_Image.cpp">
      <Filter>03. GameObject\UIObjects\02.UI\Image\Dynamic Image\02.HoverImage</Filter>
    </ClCompile>
    <ClCompile Include="..\Private\StatCom_Player.cpp">
      <Filter>05. Component\Stat\StatCom_Player</Filter>
    </ClCompile>
    <ClCompile Include="..\Private\State_JumpAttStart.cpp">
      <Filter>06. FSM\Player\Attack\Melee\JumpAtt</Filter>
    </ClCompile>
    <ClCompile Include="..\Private\State_JumpAttEnd.cpp">
      <Filter>06. FSM\Player\Attack\Melee\JumpAtt</Filter>
    </ClCompile>
    <ClCompile Include="..\Private\State_Charge.cpp">
      <Filter>06. FSM\Player\Attack\Melee\Charge</Filter>
    </ClCompile>
    <ClCompile Include="..\Private\UIMenu_Image.cpp">
      <Filter>03. GameObject\UIObjects\02.UI\Image\Dynamic Image\03.MenuImage</Filter>
    </ClCompile>
    <ClCompile Include="..\Private\UIMenu_Trigger.cpp">
      <Filter>03. GameObject\UIObjects\02.UI\Trigger\01.MenuTab</Filter>
    </ClCompile>
    <ClCompile Include="..\Private\UICommon_Trigger.cpp">
      <Filter>03. GameObject\UIObjects\02.UI\Trigger\00.Basic</Filter>
    </ClCompile>
    <ClCompile Include="..\Private\UIMenu_Exit_Trigger.cpp">
      <Filter>03. GameObject\UIObjects\02.UI\Trigger\02.Menu Exit</Filter>
    </ClCompile>
    <ClCompile Include="..\Private\UIDynamic_Image.cpp">
      <Filter>03. GameObject\UIObjects\02.UI\Image\Dynamic Image</Filter>
    </ClCompile>
    <ClCompile Include="..\Private\UIMenu_Text.cpp">
      <Filter>03. GameObject\UIObjects\02.UI\Text\Menu Text</Filter>
    </ClCompile>
    <ClCompile Include="..\Private\UIPlayerStat_Text.cpp">
      <Filter>03. GameObject\UIObjects\02.UI\Text\Stat Text</Filter>
    </ClCompile>
    <ClCompile Include="..\private\ImGui_ShaderLayout.cpp">
      <Filter>07. System\02. Debug_ImGui\Layout\Shader</Filter>
    </ClCompile>
    <ClCompile Include="..\Private\UIMenu_OutLine.cpp">
      <Filter>03. GameObject\UIObjects\02.UI\Image\Dynamic Image\03.MenuImage\00.OutLine</Filter>
    </ClCompile>
    <ClCompile Include="..\Private\State_MoonCharge.cpp">
      <Filter>06. FSM\Player\Attack\Melee\Charge\Moon</Filter>
    </ClCompile>
    <ClCompile Include="..\Private\State_SkillBase.cpp">
      <Filter>06. FSM\Player\Attack\Skill</Filter>
    </ClCompile>
    <ClCompile Include="..\Private\State_MoonSkill.cpp">
      <Filter>06. FSM\Player\Attack\Skill\Moon</Filter>
    </ClCompile>
    <ClCompile Include="..\Private\SkillComponent.cpp">
      <Filter>05. Component\Skill</Filter>
    </ClCompile>
    <ClCompile Include="..\Private\SkillComp_MoonE.cpp">
      <Filter>05. Component\Skill\Moon</Filter>
    </ClCompile>
    <ClCompile Include="..\Private\SkillComp_MoonQ.cpp">
      <Filter>05. Component\Skill\Moon</Filter>
    </ClCompile>
    <ClCompile Include="..\Private\UILoading_Text.cpp">
      <Filter>03. GameObject\UIObjects\02.UI\Text\Loading Text</Filter>
    </ClCompile>
    <ClCompile Include="..\Private\UIPlayerStat_Progress.cpp">
      <Filter>03. GameObject\UIObjects\02.UI\Progress Bar\Stat</Filter>
    </ClCompile>
    <ClCompile Include="..\Private\UILoading_Progress.cpp">
      <Filter>03. GameObject\UIObjects\02.UI\Progress Bar\Loading</Filter>
    </ClCompile>
    <ClCompile Include="..\Private\UILoading_Image.cpp">
      <Filter>03. GameObject\UIObjects\02.UI\Image\Dynamic Image\04.LoadingImage</Filter>
    </ClCompile>
  </ItemGroup>
  <ItemGroup>
    <FxCompile Include="..\..\Shaders\Shader_VtxAnimMesh.hlsl">
      <Filter>04. Shaders</Filter>
    </FxCompile>
    <FxCompile Include="..\..\Shaders\Shader_VtxCol.hlsl">
      <Filter>04. Shaders</Filter>
    </FxCompile>
    <FxCompile Include="..\..\Shaders\Shader_VtxCube.hlsl">
      <Filter>04. Shaders</Filter>
    </FxCompile>
    <FxCompile Include="..\..\Shaders\Shader_VtxMesh.hlsl">
      <Filter>04. Shaders</Filter>
    </FxCompile>
    <FxCompile Include="..\..\Shaders\Shader_VtxMesh_SkillEffect.hlsl">
      <Filter>04. Shaders</Filter>
    </FxCompile>
    <FxCompile Include="..\..\Shaders\Shader_VtxNorTex.hlsl">
      <Filter>04. Shaders</Filter>
    </FxCompile>
    <FxCompile Include="..\..\Shaders\Shader_VtxPosTex.hlsl">
      <Filter>04. Shaders</Filter>
    </FxCompile>
    <FxCompile Include="..\..\Shaders\Animation_Defines.hlsl">
      <Filter>04. Shaders\Defines</Filter>
    </FxCompile>
    <FxCompile Include="..\..\Shaders\Common_Defines.hlsl">
      <Filter>04. Shaders\Defines</Filter>
    </FxCompile>
    <FxCompile Include="..\..\Shaders\Global_Defines.hlsl">
      <Filter>04. Shaders\Defines</Filter>
    </FxCompile>
    <FxCompile Include="..\..\Shaders\Light_Defines.hlsl">
      <Filter>04. Shaders\Defines</Filter>
    </FxCompile>
    <FxCompile Include="..\..\Shaders\Struct_Defines.hlsl">
      <Filter>04. Shaders\Defines</Filter>
    </FxCompile>
    <FxCompile Include="..\..\Shaders\Shader_VtxEffectMesh.hlsl">
      <Filter>04. Shaders</Filter>
    </FxCompile>
    <FxCompile Include="..\..\Shaders\Shader_VtxEffectParticle.hlsl">
      <Filter>04. Shaders</Filter>
    </FxCompile>
    <FxCompile Include="..\..\Shaders\Shader_VtxEffectTexture.hlsl">
      <Filter>04. Shaders</Filter>
    </FxCompile>
    <FxCompile Include="..\..\Shaders\Shader_VtxInstanceMesh.hlsl">
      <Filter>04. Shaders</Filter>
    </FxCompile>
    <FxCompile Include="..\..\Shaders\Shader_CPT_Effect_Particle.hlsl">
      <Filter>04. Shaders\ComputeShader_Labs</Filter>
    </FxCompile>
    <FxCompile Include="..\..\Shaders\ComShader_BoneCombine.hlsl">
      <Filter>04. Shaders\ComputeShaders\Animation</Filter>
    </FxCompile>
    <FxCompile Include="..\..\Shaders\ComShader_AnimEvaluate.hlsl">
      <Filter>04. Shaders\ComputeShaders\Animation</Filter>
    </FxCompile>
    <FxCompile Include="..\..\Shaders\ComShader_AnimBlend.hlsl">
      <Filter>04. Shaders\ComputeShaders\Animation</Filter>
    </FxCompile>
    <FxCompile Include="..\..\Shaders\ComShader_BoneMesh.hlsl">
      <Filter>04. Shaders\ComputeShaders\Animation</Filter>
    </FxCompile>
    <FxCompile Include="..\..\Shaders\ComShader_GetBoneCombine.hlsl">
      <Filter>04. Shaders\ComputeShaders\Animation</Filter>
    </FxCompile>
    <FxCompile Include="..\..\Shaders\Shader_SpriteFont.hlsl">
      <Filter>04. Shaders</Filter>
    </FxCompile>
  </ItemGroup>
</Project>